// !$*UTF8*$!
{
	archiveVersion = 1;
	classes = {
	};
	objectVersion = 45;
	objects = {

/* Begin PBXBuildFile section */
		0087D25512CD809F002CD69F /* CoreText.framework in Frameworks */ = {isa = PBXBuildFile; fileRef = 0087D25412CD809F002CD69F /* CoreText.framework */; };
		00CFDF6B1138442D0091E310 /* CoreGraphics.framework in Frameworks */ = {isa = PBXBuildFile; fileRef = 00CFDF6A1138442D0091E310 /* CoreGraphics.framework */; };
		1D60589F0D05DD5A006BFB54 /* Foundation.framework in Frameworks */ = {isa = PBXBuildFile; fileRef = 1D30AB110D05D00D00671497 /* Foundation.framework */; };
		1DF5F4E00D08C38300B7A737 /* UIKit.framework in Frameworks */ = {isa = PBXBuildFile; fileRef = 1DF5F4DF0D08C38300B7A737 /* UIKit.framework */; };
		28FD15000DC6FC520079059D /* OpenGLES.framework in Frameworks */ = {isa = PBXBuildFile; fileRef = 28FD14FF0DC6FC520079059D /* OpenGLES.framework */; };
		28FD15080DC6FC5B0079059D /* QuartzCore.framework in Frameworks */ = {isa = PBXBuildFile; fileRef = 28FD15070DC6FC5B0079059D /* QuartzCore.framework */; };
		A8213FBD18B0517300EAE901 /* FontMatrix.cpp in Sources */ = {isa = PBXBuildFile; fileRef = A8213FB218B0517300EAE901 /* FontMatrix.cpp */; };
		A8213FBE18B0517300EAE901 /* Font.cpp in Sources */ = {isa = PBXBuildFile; fileRef = A8213FB518B0517300EAE901 /* Font.cpp */; };
		A8213FBF18B0517300EAE901 /* FontManager.cpp in Sources */ = {isa = PBXBuildFile; fileRef = A8213FB718B0517300EAE901 /* FontManager.cpp */; };
		A8213FC018B0517300EAE901 /* FontSequence.cpp in Sources */ = {isa = PBXBuildFile; fileRef = A8213FB918B0517300EAE901 /* FontSequence.cpp */; };
		A8213FC118B0517300EAE901 /* TextHelper.cpp in Sources */ = {isa = PBXBuildFile; fileRef = A8213FBB18B0517300EAE901 /* TextHelper.cpp */; };
		A8213FF818B0CFA000EAE901 /* ActualFont.cpp in Sources */ = {isa = PBXBuildFile; fileRef = A8213FE318B0CFA000EAE901 /* ActualFont.cpp */; };
		A8213FF918B0CFA000EAE901 /* FontManager.cpp in Sources */ = {isa = PBXBuildFile; fileRef = A8213FE518B0CFA000EAE901 /* FontManager.cpp */; };
		A8213FFA18B0CFA000EAE901 /* LangHelper.cpp in Sources */ = {isa = PBXBuildFile; fileRef = A8213FE918B0CFA000EAE901 /* LangHelper.cpp */; };
		A8213FFB18B0CFA000EAE901 /* LayoutCache.cpp in Sources */ = {isa = PBXBuildFile; fileRef = A8213FEB18B0CFA000EAE901 /* LayoutCache.cpp */; };
		A8213FFC18B0CFA000EAE901 /* ReloadableTexture.cpp in Sources */ = {isa = PBXBuildFile; fileRef = A8213FEE18B0CFA000EAE901 /* ReloadableTexture.cpp */; };
		A8213FFD18B0CFA000EAE901 /* scrptrun.cpp in Sources */ = {isa = PBXBuildFile; fileRef = A8213FF018B0CFA000EAE901 /* scrptrun.cpp */; };
		A8213FFE18B0CFA000EAE901 /* TextItemizer.cpp in Sources */ = {isa = PBXBuildFile; fileRef = A8213FF218B0CFA000EAE901 /* TextItemizer.cpp */; };
		A8213FFF18B0CFA000EAE901 /* VirtualFont.cpp in Sources */ = {isa = PBXBuildFile; fileRef = A8213FF618B0CFA000EAE901 /* VirtualFont.cpp */; };
		A82C900916DF91D300FF519C /* icon.png in Resources */ = {isa = PBXBuildFile; fileRef = A82C900716DF91D300FF519C /* icon.png */; };
		A82C900A16DF91D300FF519C /* Default-568h@2x.png in Resources */ = {isa = PBXBuildFile; fileRef = A82C900816DF91D300FF519C /* Default-568h@2x.png */; };
		A8363B96188855720015C5FF /* Fonts.xml in Resources */ = {isa = PBXBuildFile; fileRef = A8363B95188855720015C5FF /* Fonts.xml */; };
		A88E5B63188445CA00E737F3 /* CinderApp.cpp in Sources */ = {isa = PBXBuildFile; fileRef = A88E5A89188445C900E737F3 /* CinderApp.cpp */; };
		A88E5B64188445CA00E737F3 /* CinderSketchSimple.cpp in Sources */ = {isa = PBXBuildFile; fileRef = A88E5A8D188445C900E737F3 /* CinderSketchSimple.cpp */; };
		A88E5B68188445CA00E737F3 /* FileSystem.cpp in Sources */ = {isa = PBXBuildFile; fileRef = A88E5A97188445C900E737F3 /* FileSystem.cpp */; };
		A88E5B7B188445CA00E737F3 /* InputSource.cpp in Sources */ = {isa = PBXBuildFile; fileRef = A88E5AC2188445CA00E737F3 /* InputSource.cpp */; };
		A88E5B7C188445CA00E737F3 /* CinderDelegate.mm in Sources */ = {isa = PBXBuildFile; fileRef = A88E5AC7188445CA00E737F3 /* CinderDelegate.mm */; };
		A88E5B7D188445CA00E737F3 /* CinderSketchComplex.mm in Sources */ = {isa = PBXBuildFile; fileRef = A88E5AC9188445CA00E737F3 /* CinderSketchComplex.mm */; };
		A88E5B7E188445CA00E737F3 /* GLViewController.mm in Sources */ = {isa = PBXBuildFile; fileRef = A88E5ACC188445CA00E737F3 /* GLViewController.mm */; };
		A88E5B81188445CA00E737F3 /* Handler.cpp in Sources */ = {isa = PBXBuildFile; fileRef = A88E5AD4188445CA00E737F3 /* Handler.cpp */; };
		A88E5B82188445CA00E737F3 /* SuperHandler.cpp in Sources */ = {isa = PBXBuildFile; fileRef = A88E5AD8188445CA00E737F3 /* SuperHandler.cpp */; };
		A88E5B9B188445CA00E737F3 /* GLUtils.cpp in Sources */ = {isa = PBXBuildFile; fileRef = A88E5B1F188445CA00E737F3 /* GLUtils.cpp */; };
		A88E5B9C188445CA00E737F3 /* MathUtils.cpp in Sources */ = {isa = PBXBuildFile; fileRef = A88E5B22188445CA00E737F3 /* MathUtils.cpp */; };
		A88E5B9D188445CA00E737F3 /* Utils.cpp in Sources */ = {isa = PBXBuildFile; fileRef = A88E5B29188445CA00E737F3 /* Utils.cpp */; };
		A88E5BAA1884464B00E737F3 /* Sketch.cpp in Sources */ = {isa = PBXBuildFile; fileRef = A88E5BA81884464B00E737F3 /* Sketch.cpp */; };
		A88E5BAE188448B000E737F3 /* AppDelegate.mm in Sources */ = {isa = PBXBuildFile; fileRef = A88E5BAD188448B000E737F3 /* AppDelegate.mm */; };
		A88E5BB5188574DF00E737F3 /* Text.xml in Resources */ = {isa = PBXBuildFile; fileRef = A88E5BB4188574DF00E737F3 /* Text.xml */; };
		A8994D441726E33900C8851E /* GLKit.framework in Frameworks */ = {isa = PBXBuildFile; fileRef = A8994D431726E33900C8851E /* GLKit.framework */; };
		A8F9B9F9186B31C100724EED /* sans-serif_ios.xml in Resources */ = {isa = PBXBuildFile; fileRef = A8F9B9F7186B31C100724EED /* sans-serif_ios.xml */; };
		C725DFFE121DAC7F00FA186B /* CoreMedia.framework in Frameworks */ = {isa = PBXBuildFile; fileRef = C727C02B121B400300192073 /* CoreMedia.framework */; settings = {ATTRIBUTES = (Weak, ); }; };
		C725E001121DAC8F00FA186B /* AVFoundation.framework in Frameworks */ = {isa = PBXBuildFile; fileRef = C725E000121DAC8F00FA186B /* AVFoundation.framework */; settings = {ATTRIBUTES = (Weak, ); }; };
		C725E001121DAC8FFFFA18FF /* ImageIO.framework in Frameworks */ = {isa = PBXBuildFile; fileRef = 00CFDF6A1138442D0091FFFF /* ImageIO.framework */; };
		C727C02E121B400300192073 /* CoreVideo.framework in Frameworks */ = {isa = PBXBuildFile; fileRef = C727C02D121B400300192073 /* CoreVideo.framework */; settings = {ATTRIBUTES = (Weak, ); }; };
		C7FB19D6124BC0D70045AFD2 /* AudioToolbox.framework in Frameworks */ = {isa = PBXBuildFile; fileRef = C7FB19D5124BC0D70045AFD2 /* AudioToolbox.framework */; };
		DDDDE001121DAC8FFFFADDDD /* MobileCoreServices.framework in Frameworks */ = {isa = PBXBuildFile; fileRef = DDDDDF6A1138442D0091DDDD /* MobileCoreServices.framework */; };
/* End PBXBuildFile section */

/* Begin PBXFileReference section */
		00692BCF14FF149000D0A05E /* Rendering.app */ = {isa = PBXFileReference; explicitFileType = wrapper.application; includeInIndex = 0; path = Rendering.app; sourceTree = BUILT_PRODUCTS_DIR; };
		0087D25412CD809F002CD69F /* CoreText.framework */ = {isa = PBXFileReference; lastKnownFileType = wrapper.framework; name = CoreText.framework; path = System/Library/Frameworks/CoreText.framework; sourceTree = SDKROOT; };
		00CFDF6A1138442D0091E310 /* CoreGraphics.framework */ = {isa = PBXFileReference; lastKnownFileType = wrapper.framework; name = CoreGraphics.framework; path = System/Library/Frameworks/CoreGraphics.framework; sourceTree = SDKROOT; };
		00CFDF6A1138442D0091FFFF /* ImageIO.framework */ = {isa = PBXFileReference; lastKnownFileType = wrapper.framework; name = ImageIO.framework; path = System/Library/Frameworks/ImageIO.framework; sourceTree = SDKROOT; };
		125ACA23B6814C2888F2E57E /* Prefix.pch */ = {isa = PBXFileReference; lastKnownFileType = "\"\""; path = Prefix.pch; sourceTree = "<group>"; };
		1D30AB110D05D00D00671497 /* Foundation.framework */ = {isa = PBXFileReference; lastKnownFileType = wrapper.framework; name = Foundation.framework; path = System/Library/Frameworks/Foundation.framework; sourceTree = SDKROOT; };
		1DF5F4DF0D08C38300B7A737 /* UIKit.framework */ = {isa = PBXFileReference; lastKnownFileType = wrapper.framework; name = UIKit.framework; path = System/Library/Frameworks/UIKit.framework; sourceTree = SDKROOT; };
		28FD14FF0DC6FC520079059D /* OpenGLES.framework */ = {isa = PBXFileReference; lastKnownFileType = wrapper.framework; name = OpenGLES.framework; path = System/Library/Frameworks/OpenGLES.framework; sourceTree = SDKROOT; };
		28FD15070DC6FC5B0079059D /* QuartzCore.framework */ = {isa = PBXFileReference; lastKnownFileType = wrapper.framework; name = QuartzCore.framework; path = System/Library/Frameworks/QuartzCore.framework; sourceTree = SDKROOT; };
		A8213FB218B0517300EAE901 /* FontMatrix.cpp */ = {isa = PBXFileReference; fileEncoding = 4; lastKnownFileType = sourcecode.cpp.cpp; path = FontMatrix.cpp; sourceTree = "<group>"; };
		A8213FB318B0517300EAE901 /* FontMatrix.h */ = {isa = PBXFileReference; fileEncoding = 4; lastKnownFileType = sourcecode.c.h; path = FontMatrix.h; sourceTree = "<group>"; };
		A8213FB518B0517300EAE901 /* Font.cpp */ = {isa = PBXFileReference; fileEncoding = 4; lastKnownFileType = sourcecode.cpp.cpp; path = Font.cpp; sourceTree = "<group>"; };
		A8213FB618B0517300EAE901 /* Font.h */ = {isa = PBXFileReference; fileEncoding = 4; lastKnownFileType = sourcecode.c.h; path = Font.h; sourceTree = "<group>"; };
		A8213FB718B0517300EAE901 /* FontManager.cpp */ = {isa = PBXFileReference; fileEncoding = 4; lastKnownFileType = sourcecode.cpp.cpp; path = FontManager.cpp; sourceTree = "<group>"; };
		A8213FB818B0517300EAE901 /* FontManager.h */ = {isa = PBXFileReference; fileEncoding = 4; lastKnownFileType = sourcecode.c.h; path = FontManager.h; sourceTree = "<group>"; };
		A8213FB918B0517300EAE901 /* FontSequence.cpp */ = {isa = PBXFileReference; fileEncoding = 4; lastKnownFileType = sourcecode.cpp.cpp; path = FontSequence.cpp; sourceTree = "<group>"; };
		A8213FBA18B0517300EAE901 /* FontSequence.h */ = {isa = PBXFileReference; fileEncoding = 4; lastKnownFileType = sourcecode.c.h; path = FontSequence.h; sourceTree = "<group>"; };
		A8213FBB18B0517300EAE901 /* TextHelper.cpp */ = {isa = PBXFileReference; fileEncoding = 4; lastKnownFileType = sourcecode.cpp.cpp; path = TextHelper.cpp; sourceTree = "<group>"; };
		A8213FBC18B0517300EAE901 /* TextHelper.h */ = {isa = PBXFileReference; fileEncoding = 4; lastKnownFileType = sourcecode.c.h; path = TextHelper.h; sourceTree = "<group>"; };
		A8213FE318B0CFA000EAE901 /* ActualFont.cpp */ = {isa = PBXFileReference; fileEncoding = 4; lastKnownFileType = sourcecode.cpp.cpp; path = ActualFont.cpp; sourceTree = "<group>"; };
		A8213FE418B0CFA000EAE901 /* ActualFont.h */ = {isa = PBXFileReference; fileEncoding = 4; lastKnownFileType = sourcecode.c.h; path = ActualFont.h; sourceTree = "<group>"; };
		A8213FE518B0CFA000EAE901 /* FontManager.cpp */ = {isa = PBXFileReference; fileEncoding = 4; lastKnownFileType = sourcecode.cpp.cpp; path = FontManager.cpp; sourceTree = "<group>"; };
		A8213FE618B0CFA000EAE901 /* FontManager.h */ = {isa = PBXFileReference; fileEncoding = 4; lastKnownFileType = sourcecode.c.h; path = FontManager.h; sourceTree = "<group>"; };
		A8213FE718B0CFA000EAE901 /* FreetypeHelper.h */ = {isa = PBXFileReference; fileEncoding = 4; lastKnownFileType = sourcecode.c.h; path = FreetypeHelper.h; sourceTree = "<group>"; };
		A8213FE818B0CFA000EAE901 /* GlyphData.h */ = {isa = PBXFileReference; fileEncoding = 4; lastKnownFileType = sourcecode.c.h; path = GlyphData.h; sourceTree = "<group>"; };
		A8213FE918B0CFA000EAE901 /* LangHelper.cpp */ = {isa = PBXFileReference; fileEncoding = 4; lastKnownFileType = sourcecode.cpp.cpp; path = LangHelper.cpp; sourceTree = "<group>"; };
		A8213FEA18B0CFA000EAE901 /* LangHelper.h */ = {isa = PBXFileReference; fileEncoding = 4; lastKnownFileType = sourcecode.c.h; path = LangHelper.h; sourceTree = "<group>"; };
		A8213FEB18B0CFA000EAE901 /* LayoutCache.cpp */ = {isa = PBXFileReference; fileEncoding = 4; lastKnownFileType = sourcecode.cpp.cpp; path = LayoutCache.cpp; sourceTree = "<group>"; };
		A8213FEC18B0CFA000EAE901 /* LayoutCache.h */ = {isa = PBXFileReference; fileEncoding = 4; lastKnownFileType = sourcecode.c.h; path = LayoutCache.h; sourceTree = "<group>"; };
		A8213FED18B0CFA000EAE901 /* LineLayout.h */ = {isa = PBXFileReference; fileEncoding = 4; lastKnownFileType = sourcecode.c.h; path = LineLayout.h; sourceTree = "<group>"; };
		A8213FEE18B0CFA000EAE901 /* ReloadableTexture.cpp */ = {isa = PBXFileReference; fileEncoding = 4; lastKnownFileType = sourcecode.cpp.cpp; path = ReloadableTexture.cpp; sourceTree = "<group>"; };
		A8213FEF18B0CFA000EAE901 /* ReloadableTexture.h */ = {isa = PBXFileReference; fileEncoding = 4; lastKnownFileType = sourcecode.c.h; path = ReloadableTexture.h; sourceTree = "<group>"; };
		A8213FF018B0CFA000EAE901 /* scrptrun.cpp */ = {isa = PBXFileReference; fileEncoding = 4; lastKnownFileType = sourcecode.cpp.cpp; path = scrptrun.cpp; sourceTree = "<group>"; };
		A8213FF118B0CFA000EAE901 /* scrptrun.h */ = {isa = PBXFileReference; fileEncoding = 4; lastKnownFileType = sourcecode.c.h; path = scrptrun.h; sourceTree = "<group>"; };
		A8213FF218B0CFA000EAE901 /* TextItemizer.cpp */ = {isa = PBXFileReference; fileEncoding = 4; lastKnownFileType = sourcecode.cpp.cpp; path = TextItemizer.cpp; sourceTree = "<group>"; };
		A8213FF318B0CFA000EAE901 /* TextItemizer.h */ = {isa = PBXFileReference; fileEncoding = 4; lastKnownFileType = sourcecode.c.h; path = TextItemizer.h; sourceTree = "<group>"; };
		A8213FF418B0CFA000EAE901 /* TextLine.h */ = {isa = PBXFileReference; fileEncoding = 4; lastKnownFileType = sourcecode.c.h; path = TextLine.h; sourceTree = "<group>"; };
		A8213FF518B0CFA000EAE901 /* TextRun.h */ = {isa = PBXFileReference; fileEncoding = 4; lastKnownFileType = sourcecode.c.h; path = TextRun.h; sourceTree = "<group>"; };
		A8213FF618B0CFA000EAE901 /* VirtualFont.cpp */ = {isa = PBXFileReference; fileEncoding = 4; lastKnownFileType = sourcecode.cpp.cpp; path = VirtualFont.cpp; sourceTree = "<group>"; };
		A8213FF718B0CFA000EAE901 /* VirtualFont.h */ = {isa = PBXFileReference; fileEncoding = 4; lastKnownFileType = sourcecode.c.h; path = VirtualFont.h; sourceTree = "<group>"; };
		A821400318B276A000EAE901 /* GlyphSequence.h */ = {isa = PBXFileReference; fileEncoding = 4; lastKnownFileType = sourcecode.c.h; path = GlyphSequence.h; sourceTree = "<group>"; };
		A82C900716DF91D300FF519C /* icon.png */ = {isa = PBXFileReference; lastKnownFileType = image.png; path = icon.png; sourceTree = "<group>"; };
		A82C900816DF91D300FF519C /* Default-568h@2x.png */ = {isa = PBXFileReference; lastKnownFileType = image.png; path = "Default-568h@2x.png"; sourceTree = "<group>"; };
		A8363B95188855720015C5FF /* Fonts.xml */ = {isa = PBXFileReference; fileEncoding = 4; lastKnownFileType = text.xml; name = Fonts.xml; path = ../resources/Fonts.xml; sourceTree = "<group>"; };
		A88E5A89188445C900E737F3 /* CinderApp.cpp */ = {isa = PBXFileReference; fileEncoding = 4; lastKnownFileType = sourcecode.cpp.cpp; path = CinderApp.cpp; sourceTree = "<group>"; };
		A88E5A8A188445C900E737F3 /* CinderApp.h */ = {isa = PBXFileReference; fileEncoding = 4; lastKnownFileType = sourcecode.c.h; path = CinderApp.h; sourceTree = "<group>"; };
		A88E5A8B188445C900E737F3 /* CinderSketch.h */ = {isa = PBXFileReference; fileEncoding = 4; lastKnownFileType = sourcecode.c.h; path = CinderSketch.h; sourceTree = "<group>"; };
		A88E5A8C188445C900E737F3 /* CinderSketchBase.h */ = {isa = PBXFileReference; fileEncoding = 4; lastKnownFileType = sourcecode.c.h; path = CinderSketchBase.h; sourceTree = "<group>"; };
		A88E5A8D188445C900E737F3 /* CinderSketchSimple.cpp */ = {isa = PBXFileReference; fileEncoding = 4; lastKnownFileType = sourcecode.cpp.cpp; path = CinderSketchSimple.cpp; sourceTree = "<group>"; };
		A88E5A8E188445C900E737F3 /* CinderSketchSimple.h */ = {isa = PBXFileReference; fileEncoding = 4; lastKnownFileType = sourcecode.c.h; path = CinderSketchSimple.h; sourceTree = "<group>"; };
		A88E5A97188445C900E737F3 /* FileSystem.cpp */ = {isa = PBXFileReference; fileEncoding = 4; lastKnownFileType = sourcecode.cpp.cpp; path = FileSystem.cpp; sourceTree = "<group>"; };
		A88E5A98188445C900E737F3 /* FileSystem.h */ = {isa = PBXFileReference; fileEncoding = 4; lastKnownFileType = sourcecode.c.h; path = FileSystem.h; sourceTree = "<group>"; };
		A88E5AC2188445CA00E737F3 /* InputSource.cpp */ = {isa = PBXFileReference; fileEncoding = 4; lastKnownFileType = sourcecode.cpp.cpp; path = InputSource.cpp; sourceTree = "<group>"; };
		A88E5AC3188445CA00E737F3 /* InputSource.h */ = {isa = PBXFileReference; fileEncoding = 4; lastKnownFileType = sourcecode.c.h; path = InputSource.h; sourceTree = "<group>"; };
		A88E5AC6188445CA00E737F3 /* CinderDelegate.h */ = {isa = PBXFileReference; fileEncoding = 4; lastKnownFileType = sourcecode.c.h; path = CinderDelegate.h; sourceTree = "<group>"; };
		A88E5AC7188445CA00E737F3 /* CinderDelegate.mm */ = {isa = PBXFileReference; fileEncoding = 4; lastKnownFileType = sourcecode.cpp.objcpp; path = CinderDelegate.mm; sourceTree = "<group>"; };
		A88E5AC8188445CA00E737F3 /* CinderSketchComplex.h */ = {isa = PBXFileReference; fileEncoding = 4; lastKnownFileType = sourcecode.c.h; path = CinderSketchComplex.h; sourceTree = "<group>"; };
		A88E5AC9188445CA00E737F3 /* CinderSketchComplex.mm */ = {isa = PBXFileReference; fileEncoding = 4; lastKnownFileType = sourcecode.cpp.objcpp; path = CinderSketchComplex.mm; sourceTree = "<group>"; };
		A88E5ACB188445CA00E737F3 /* GLViewController.h */ = {isa = PBXFileReference; fileEncoding = 4; lastKnownFileType = sourcecode.c.h; path = GLViewController.h; sourceTree = "<group>"; };
		A88E5ACC188445CA00E737F3 /* GLViewController.mm */ = {isa = PBXFileReference; fileEncoding = 4; lastKnownFileType = sourcecode.cpp.objcpp; path = GLViewController.mm; sourceTree = "<group>"; };
		A88E5AD4188445CA00E737F3 /* Handler.cpp */ = {isa = PBXFileReference; fileEncoding = 4; lastKnownFileType = sourcecode.cpp.cpp; path = Handler.cpp; sourceTree = "<group>"; };
		A88E5AD5188445CA00E737F3 /* Handler.h */ = {isa = PBXFileReference; fileEncoding = 4; lastKnownFileType = sourcecode.c.h; path = Handler.h; sourceTree = "<group>"; };
		A88E5AD6188445CA00E737F3 /* Message.h */ = {isa = PBXFileReference; fileEncoding = 4; lastKnownFileType = sourcecode.c.h; path = Message.h; sourceTree = "<group>"; };
		A88E5AD7188445CA00E737F3 /* SubHandler.h */ = {isa = PBXFileReference; fileEncoding = 4; lastKnownFileType = sourcecode.c.h; path = SubHandler.h; sourceTree = "<group>"; };
		A88E5AD8188445CA00E737F3 /* SuperHandler.cpp */ = {isa = PBXFileReference; fileEncoding = 4; lastKnownFileType = sourcecode.cpp.cpp; path = SuperHandler.cpp; sourceTree = "<group>"; };
		A88E5AD9188445CA00E737F3 /* SuperHandler.h */ = {isa = PBXFileReference; fileEncoding = 4; lastKnownFileType = sourcecode.c.h; path = SuperHandler.h; sourceTree = "<group>"; };
		A88E5B1F188445CA00E737F3 /* GLUtils.cpp */ = {isa = PBXFileReference; fileEncoding = 4; lastKnownFileType = sourcecode.cpp.cpp; path = GLUtils.cpp; sourceTree = "<group>"; };
		A88E5B20188445CA00E737F3 /* GLUtils.h */ = {isa = PBXFileReference; fileEncoding = 4; lastKnownFileType = sourcecode.c.h; path = GLUtils.h; sourceTree = "<group>"; };
		A88E5B21188445CA00E737F3 /* Hasher.h */ = {isa = PBXFileReference; fileEncoding = 4; lastKnownFileType = sourcecode.c.h; path = Hasher.h; sourceTree = "<group>"; };
		A88E5B22188445CA00E737F3 /* MathUtils.cpp */ = {isa = PBXFileReference; fileEncoding = 4; lastKnownFileType = sourcecode.cpp.cpp; path = MathUtils.cpp; sourceTree = "<group>"; };
		A88E5B23188445CA00E737F3 /* MathUtils.h */ = {isa = PBXFileReference; fileEncoding = 4; lastKnownFileType = sourcecode.c.h; path = MathUtils.h; sourceTree = "<group>"; };
		A88E5B28188445CA00E737F3 /* Timing.h */ = {isa = PBXFileReference; fileEncoding = 4; lastKnownFileType = sourcecode.c.h; path = Timing.h; sourceTree = "<group>"; };
		A88E5B29188445CA00E737F3 /* Utils.cpp */ = {isa = PBXFileReference; fileEncoding = 4; lastKnownFileType = sourcecode.cpp.cpp; path = Utils.cpp; sourceTree = "<group>"; };
		A88E5B2A188445CA00E737F3 /* Utils.h */ = {isa = PBXFileReference; fileEncoding = 4; lastKnownFileType = sourcecode.c.h; path = Utils.h; sourceTree = "<group>"; };
		A88E5BA81884464B00E737F3 /* Sketch.cpp */ = {isa = PBXFileReference; fileEncoding = 4; lastKnownFileType = sourcecode.cpp.cpp; name = Sketch.cpp; path = ../src/Sketch.cpp; sourceTree = "<group>"; };
		A88E5BA91884464B00E737F3 /* Sketch.h */ = {isa = PBXFileReference; fileEncoding = 4; lastKnownFileType = sourcecode.c.h; name = Sketch.h; path = ../src/Sketch.h; sourceTree = "<group>"; };
		A88E5BAC188448B000E737F3 /* AppDelegate.h */ = {isa = PBXFileReference; fileEncoding = 4; lastKnownFileType = sourcecode.c.h; path = AppDelegate.h; sourceTree = "<group>"; };
		A88E5BAD188448B000E737F3 /* AppDelegate.mm */ = {isa = PBXFileReference; fileEncoding = 4; lastKnownFileType = sourcecode.cpp.objcpp; path = AppDelegate.mm; sourceTree = "<group>"; };
		A88E5BB4188574DF00E737F3 /* Text.xml */ = {isa = PBXFileReference; fileEncoding = 4; lastKnownFileType = text.xml; name = Text.xml; path = ../resources/Text.xml; sourceTree = "<group>"; };
		A8994D431726E33900C8851E /* GLKit.framework */ = {isa = PBXFileReference; lastKnownFileType = wrapper.framework; name = GLKit.framework; path = System/Library/Frameworks/GLKit.framework; sourceTree = SDKROOT; };
		A8F9B9F7186B31C100724EED /* sans-serif_ios.xml */ = {isa = PBXFileReference; fileEncoding = 4; lastKnownFileType = text.xml; name = "sans-serif_ios.xml"; path = "../resources/sans-serif_ios.xml"; sourceTree = "<group>"; };
		C725E000121DAC8F00FA186B /* AVFoundation.framework */ = {isa = PBXFileReference; lastKnownFileType = wrapper.framework; name = AVFoundation.framework; path = System/Library/Frameworks/AVFoundation.framework; sourceTree = SDKROOT; };
		C727C02B121B400300192073 /* CoreMedia.framework */ = {isa = PBXFileReference; lastKnownFileType = wrapper.framework; name = CoreMedia.framework; path = System/Library/Frameworks/CoreMedia.framework; sourceTree = SDKROOT; };
		C727C02D121B400300192073 /* CoreVideo.framework */ = {isa = PBXFileReference; lastKnownFileType = wrapper.framework; name = CoreVideo.framework; path = System/Library/Frameworks/CoreVideo.framework; sourceTree = SDKROOT; };
		C7FB19D5124BC0D70045AFD2 /* AudioToolbox.framework */ = {isa = PBXFileReference; lastKnownFileType = wrapper.framework; name = AudioToolbox.framework; path = System/Library/Frameworks/AudioToolbox.framework; sourceTree = SDKROOT; };
		D616014D45B744EF83271CE8 /* Info.plist */ = {isa = PBXFileReference; lastKnownFileType = text.plist.xml; path = Info.plist; sourceTree = "<group>"; };
		DDDDDF6A1138442D0091DDDD /* MobileCoreServices.framework */ = {isa = PBXFileReference; lastKnownFileType = wrapper.framework; name = MobileCoreServices.framework; path = System/Library/Frameworks/MobileCoreServices.framework; sourceTree = SDKROOT; };
/* End PBXFileReference section */

/* Begin PBXFrameworksBuildPhase section */
		00692BCC14FF149000D0A05E /* Frameworks */ = {
			isa = PBXFrameworksBuildPhase;
			buildActionMask = 2147483647;
			files = (
				A8994D441726E33900C8851E /* GLKit.framework in Frameworks */,
				C725E001121DAC8F00FA186B /* AVFoundation.framework in Frameworks */,
				C725DFFE121DAC7F00FA186B /* CoreMedia.framework in Frameworks */,
				C725E001121DAC8FFFFA18FF /* ImageIO.framework in Frameworks */,
				DDDDE001121DAC8FFFFADDDD /* MobileCoreServices.framework in Frameworks */,
				1D60589F0D05DD5A006BFB54 /* Foundation.framework in Frameworks */,
				1DF5F4E00D08C38300B7A737 /* UIKit.framework in Frameworks */,
				28FD15000DC6FC520079059D /* OpenGLES.framework in Frameworks */,
				28FD15080DC6FC5B0079059D /* QuartzCore.framework in Frameworks */,
				00CFDF6B1138442D0091E310 /* CoreGraphics.framework in Frameworks */,
				C727C02E121B400300192073 /* CoreVideo.framework in Frameworks */,
				C7FB19D6124BC0D70045AFD2 /* AudioToolbox.framework in Frameworks */,
				0087D25512CD809F002CD69F /* CoreText.framework in Frameworks */,
			);
			runOnlyForDeploymentPostprocessing = 0;
		};
/* End PBXFrameworksBuildPhase section */

/* Begin PBXGroup section */
		00692BC414FF149000D0A05E = {
			isa = PBXGroup;
			children = (
				A88E5A79188445C900E737F3 /* chronotext */,
				00692BD914FF149000D0A05E /* Source */,
				00692BD914FF149000D0FFFF /* Resources */,
				A82C900516DF91BF00FF519C /* iOS */,
				00692BD214FF149000D0A05E /* Frameworks */,
				00692BD014FF149000D0A05E /* Products */,
			);
			sourceTree = "<group>";
		};
		00692BD014FF149000D0A05E /* Products */ = {
			isa = PBXGroup;
			children = (
				00692BCF14FF149000D0A05E /* Rendering.app */,
			);
			name = Products;
			sourceTree = "<group>";
		};
		00692BD214FF149000D0A05E /* Frameworks */ = {
			isa = PBXGroup;
			children = (
				A8994D431726E33900C8851E /* GLKit.framework */,
				C7FB19D5124BC0D70045AFD2 /* AudioToolbox.framework */,
				C727C02B121B400300192073 /* CoreMedia.framework */,
				C727C02D121B400300192073 /* CoreVideo.framework */,
				28FD15070DC6FC5B0079059D /* QuartzCore.framework */,
				28FD14FF0DC6FC520079059D /* OpenGLES.framework */,
				1DF5F4DF0D08C38300B7A737 /* UIKit.framework */,
				1D30AB110D05D00D00671497 /* Foundation.framework */,
				00CFDF6A1138442D0091E310 /* CoreGraphics.framework */,
				00CFDF6A1138442D0091FFFF /* ImageIO.framework */,
				DDDDDF6A1138442D0091DDDD /* MobileCoreServices.framework */,
				C725E000121DAC8F00FA186B /* AVFoundation.framework */,
				0087D25412CD809F002CD69F /* CoreText.framework */,
			);
			name = Frameworks;
			sourceTree = "<group>";
		};
		00692BD914FF149000D0A05E /* Source */ = {
			isa = PBXGroup;
			children = (
				A88E5BA91884464B00E737F3 /* Sketch.h */,
				A88E5BA81884464B00E737F3 /* Sketch.cpp */,
			);
			name = Source;
			sourceTree = "<group>";
		};
		00692BD914FF149000D0FFFF /* Resources */ = {
			isa = PBXGroup;
			children = (
				A8363B95188855720015C5FF /* Fonts.xml */,
				A8F9B9F7186B31C100724EED /* sans-serif_ios.xml */,
				A88E5BB4188574DF00E737F3 /* Text.xml */,
			);
			name = Resources;
			sourceTree = "<group>";
		};
		A8213FB118B0517300EAE901 /* font */ = {
			isa = PBXGroup;
			children = (
				A8213FB218B0517300EAE901 /* FontMatrix.cpp */,
				A8213FB318B0517300EAE901 /* FontMatrix.h */,
				A8213FB418B0517300EAE901 /* xf */,
				A8213FE218B0CFA000EAE901 /* zf */,
			);
			path = font;
			sourceTree = "<group>";
		};
		A8213FB418B0517300EAE901 /* xf */ = {
			isa = PBXGroup;
			children = (
				A8213FB518B0517300EAE901 /* Font.cpp */,
				A8213FB618B0517300EAE901 /* Font.h */,
				A8213FB718B0517300EAE901 /* FontManager.cpp */,
				A8213FB818B0517300EAE901 /* FontManager.h */,
				A8213FB918B0517300EAE901 /* FontSequence.cpp */,
				A8213FBA18B0517300EAE901 /* FontSequence.h */,
				A8213FBB18B0517300EAE901 /* TextHelper.cpp */,
				A8213FBC18B0517300EAE901 /* TextHelper.h */,
			);
			path = xf;
			sourceTree = "<group>";
		};
		A8213FE218B0CFA000EAE901 /* zf */ = {
			isa = PBXGroup;
			children = (
				A8213FE318B0CFA000EAE901 /* ActualFont.cpp */,
				A8213FE418B0CFA000EAE901 /* ActualFont.h */,
				A8213FE518B0CFA000EAE901 /* FontManager.cpp */,
				A8213FE618B0CFA000EAE901 /* FontManager.h */,
				A8213FE718B0CFA000EAE901 /* FreetypeHelper.h */,
				A8213FE818B0CFA000EAE901 /* GlyphData.h */,
				A8213FE918B0CFA000EAE901 /* LangHelper.cpp */,
				A8213FEA18B0CFA000EAE901 /* LangHelper.h */,
				A8213FEB18B0CFA000EAE901 /* LayoutCache.cpp */,
				A8213FEC18B0CFA000EAE901 /* LayoutCache.h */,
				A8213FED18B0CFA000EAE901 /* LineLayout.h */,
				A8213FEE18B0CFA000EAE901 /* ReloadableTexture.cpp */,
				A8213FEF18B0CFA000EAE901 /* ReloadableTexture.h */,
				A8213FF018B0CFA000EAE901 /* scrptrun.cpp */,
				A8213FF118B0CFA000EAE901 /* scrptrun.h */,
				A8213FF218B0CFA000EAE901 /* TextItemizer.cpp */,
				A8213FF318B0CFA000EAE901 /* TextItemizer.h */,
				A8213FF418B0CFA000EAE901 /* TextLine.h */,
				A8213FF518B0CFA000EAE901 /* TextRun.h */,
				A8213FF618B0CFA000EAE901 /* VirtualFont.cpp */,
				A8213FF718B0CFA000EAE901 /* VirtualFont.h */,
				A821400318B276A000EAE901 /* GlyphSequence.h */,
			);
			path = zf;
			sourceTree = "<group>";
		};
		A82C900516DF91BF00FF519C /* iOS */ = {
			isa = PBXGroup;
			children = (
				A88E5BAB188448B000E737F3 /* Classes */,
				A82C900616DF91D300FF519C /* Resources */,
				D616014D45B744EF83271CE8 /* Info.plist */,
				125ACA23B6814C2888F2E57E /* Prefix.pch */,
			);
			name = iOS;
			sourceTree = "<group>";
		};
		A82C900616DF91D300FF519C /* Resources */ = {
			isa = PBXGroup;
			children = (
				A82C900716DF91D300FF519C /* icon.png */,
				A82C900816DF91D300FF519C /* Default-568h@2x.png */,
			);
			path = Resources;
			sourceTree = "<group>";
		};
		A88E5A79188445C900E737F3 /* chronotext */ = {
			isa = PBXGroup;
			children = (
				A88E5A97188445C900E737F3 /* FileSystem.cpp */,
				A88E5A98188445C900E737F3 /* FileSystem.h */,
				A88E5AC2188445CA00E737F3 /* InputSource.cpp */,
				A88E5AC3188445CA00E737F3 /* InputSource.h */,
				A88E5A88188445C900E737F3 /* cinder */,
				A88E5AC4188445CA00E737F3 /* ios */,
				A8213FB118B0517300EAE901 /* font */,
				A88E5AD3188445CA00E737F3 /* os */,
				A88E5B1B188445CA00E737F3 /* utils */,
			);
			name = chronotext;
			path = "../../../../../blocks/new-chronotext-toolkit/src/chronotext";
			sourceTree = "<group>";
		};
		A88E5A88188445C900E737F3 /* cinder */ = {
			isa = PBXGroup;
			children = (
				A88E5A89188445C900E737F3 /* CinderApp.cpp */,
				A88E5A8A188445C900E737F3 /* CinderApp.h */,
				A88E5A8B188445C900E737F3 /* CinderSketch.h */,
				A88E5A8C188445C900E737F3 /* CinderSketchBase.h */,
				A88E5A8D188445C900E737F3 /* CinderSketchSimple.cpp */,
				A88E5A8E188445C900E737F3 /* CinderSketchSimple.h */,
			);
			path = cinder;
			sourceTree = "<group>";
		};
		A88E5AC4188445CA00E737F3 /* ios */ = {
			isa = PBXGroup;
			children = (
				A88E5AC5188445CA00E737F3 /* cinder */,
				A88E5ACA188445CA00E737F3 /* gl */,
			);
			path = ios;
			sourceTree = "<group>";
		};
		A88E5AC5188445CA00E737F3 /* cinder */ = {
			isa = PBXGroup;
			children = (
				A88E5AC6188445CA00E737F3 /* CinderDelegate.h */,
				A88E5AC7188445CA00E737F3 /* CinderDelegate.mm */,
				A88E5AC8188445CA00E737F3 /* CinderSketchComplex.h */,
				A88E5AC9188445CA00E737F3 /* CinderSketchComplex.mm */,
			);
			path = cinder;
			sourceTree = "<group>";
		};
		A88E5ACA188445CA00E737F3 /* gl */ = {
			isa = PBXGroup;
			children = (
				A88E5ACB188445CA00E737F3 /* GLViewController.h */,
				A88E5ACC188445CA00E737F3 /* GLViewController.mm */,
			);
			path = gl;
			sourceTree = "<group>";
		};
		A88E5AD3188445CA00E737F3 /* os */ = {
			isa = PBXGroup;
			children = (
				A88E5AD4188445CA00E737F3 /* Handler.cpp */,
				A88E5AD5188445CA00E737F3 /* Handler.h */,
				A88E5AD6188445CA00E737F3 /* Message.h */,
				A88E5AD7188445CA00E737F3 /* SubHandler.h */,
				A88E5AD8188445CA00E737F3 /* SuperHandler.cpp */,
				A88E5AD9188445CA00E737F3 /* SuperHandler.h */,
			);
			path = os;
			sourceTree = "<group>";
		};
		A88E5B1B188445CA00E737F3 /* utils */ = {
			isa = PBXGroup;
			children = (
				A88E5B1F188445CA00E737F3 /* GLUtils.cpp */,
				A88E5B20188445CA00E737F3 /* GLUtils.h */,
				A88E5B21188445CA00E737F3 /* Hasher.h */,
				A88E5B22188445CA00E737F3 /* MathUtils.cpp */,
				A88E5B23188445CA00E737F3 /* MathUtils.h */,
				A88E5B28188445CA00E737F3 /* Timing.h */,
				A88E5B29188445CA00E737F3 /* Utils.cpp */,
				A88E5B2A188445CA00E737F3 /* Utils.h */,
			);
			path = utils;
			sourceTree = "<group>";
		};
		A88E5BAB188448B000E737F3 /* Classes */ = {
			isa = PBXGroup;
			children = (
				A88E5BAC188448B000E737F3 /* AppDelegate.h */,
				A88E5BAD188448B000E737F3 /* AppDelegate.mm */,
			);
			path = Classes;
			sourceTree = "<group>";
		};
/* End PBXGroup section */

/* Begin PBXNativeTarget section */
		00692BCE14FF149000D0A05E /* Rendering */ = {
			isa = PBXNativeTarget;
			buildConfigurationList = 00692BF514FF149000D0A05E /* Build configuration list for PBXNativeTarget "Rendering" */;
			buildPhases = (
				00692BCB14FF149000D0A05E /* Sources */,
				00692BCC14FF149000D0A05E /* Frameworks */,
				00692BCD14FF149000D0A05E /* Resources */,
			);
			buildRules = (
			);
			dependencies = (
			);
			name = Rendering;
			productName = Rendering;
			productReference = 00692BCF14FF149000D0A05E /* Rendering.app */;
			productType = "com.apple.product-type.application";
		};
/* End PBXNativeTarget section */

/* Begin PBXProject section */
		00692BC614FF149000D0A05E /* Project object */ = {
			isa = PBXProject;
			attributes = {
			};
			buildConfigurationList = 00692BC914FF149000D0A05E /* Build configuration list for PBXProject "Rendering" */;
			compatibilityVersion = "Xcode 3.1";
			developmentRegion = English;
			hasScannedForEncodings = 0;
			knownRegions = (
				en,
			);
			mainGroup = 00692BC414FF149000D0A05E;
			productRefGroup = 00692BD014FF149000D0A05E /* Products */;
			projectDirPath = "";
			projectRoot = "";
			targets = (
				00692BCE14FF149000D0A05E /* Rendering */,
			);
		};
/* End PBXProject section */

/* Begin PBXResourcesBuildPhase section */
		00692BCD14FF149000D0A05E /* Resources */ = {
			isa = PBXResourcesBuildPhase;
			buildActionMask = 2147483647;
			files = (
				A88E5BB5188574DF00E737F3 /* Text.xml in Resources */,
				A8F9B9F9186B31C100724EED /* sans-serif_ios.xml in Resources */,
				A82C900916DF91D300FF519C /* icon.png in Resources */,
				A8363B96188855720015C5FF /* Fonts.xml in Resources */,
				A82C900A16DF91D300FF519C /* Default-568h@2x.png in Resources */,
			);
			runOnlyForDeploymentPostprocessing = 0;
		};
/* End PBXResourcesBuildPhase section */

/* Begin PBXSourcesBuildPhase section */
		00692BCB14FF149000D0A05E /* Sources */ = {
			isa = PBXSourcesBuildPhase;
			buildActionMask = 2147483647;
			files = (
				A88E5BAA1884464B00E737F3 /* Sketch.cpp in Sources */,
				A8213FFE18B0CFA000EAE901 /* TextItemizer.cpp in Sources */,
				A8213FC018B0517300EAE901 /* FontSequence.cpp in Sources */,
				A88E5B7B188445CA00E737F3 /* InputSource.cpp in Sources */,
				A8213FBF18B0517300EAE901 /* FontManager.cpp in Sources */,
				A8213FFB18B0CFA000EAE901 /* LayoutCache.cpp in Sources */,
				A8213FFF18B0CFA000EAE901 /* VirtualFont.cpp in Sources */,
				A88E5B9C188445CA00E737F3 /* MathUtils.cpp in Sources */,
				A88E5B7C188445CA00E737F3 /* CinderDelegate.mm in Sources */,
				A88E5B63188445CA00E737F3 /* CinderApp.cpp in Sources */,
				A88E5BAE188448B000E737F3 /* AppDelegate.mm in Sources */,
				A8213FF818B0CFA000EAE901 /* ActualFont.cpp in Sources */,
				A8213FFC18B0CFA000EAE901 /* ReloadableTexture.cpp in Sources */,
				A8213FBE18B0517300EAE901 /* Font.cpp in Sources */,
				A8213FFD18B0CFA000EAE901 /* scrptrun.cpp in Sources */,
				A88E5B7D188445CA00E737F3 /* CinderSketchComplex.mm in Sources */,
				A88E5B81188445CA00E737F3 /* Handler.cpp in Sources */,
				A8213FBD18B0517300EAE901 /* FontMatrix.cpp in Sources */,
				A88E5B68188445CA00E737F3 /* FileSystem.cpp in Sources */,
				A8213FC118B0517300EAE901 /* TextHelper.cpp in Sources */,
				A88E5B9B188445CA00E737F3 /* GLUtils.cpp in Sources */,
				A88E5B64188445CA00E737F3 /* CinderSketchSimple.cpp in Sources */,
				A8213FF918B0CFA000EAE901 /* FontManager.cpp in Sources */,
				A88E5B82188445CA00E737F3 /* SuperHandler.cpp in Sources */,
				A88E5B7E188445CA00E737F3 /* GLViewController.mm in Sources */,
				A88E5B9D188445CA00E737F3 /* Utils.cpp in Sources */,
				A8213FFA18B0CFA000EAE901 /* LangHelper.cpp in Sources */,
			);
			runOnlyForDeploymentPostprocessing = 0;
		};
/* End PBXSourcesBuildPhase section */

/* Begin XCBuildConfiguration section */
		00692BF314FF149000D0A05E /* Debug */ = {
			isa = XCBuildConfiguration;
			buildSettings = {
				ALWAYS_SEARCH_USER_PATHS = YES;
				ARCHS = armv7;
				CINDER_PATH = ../../../../..;
				CLANG_CXX_LANGUAGE_STANDARD = "c++0x";
				CLANG_CXX_LIBRARY = "libc++";
				"CODE_SIGN_IDENTITY[sdk=iphoneos*]" = "iPhone Developer";
				COPY_PHASE_STRIP = NO;
				DEAD_CODE_STRIPPING = YES;
				GCC_C_LANGUAGE_STANDARD = gnu99;
				GCC_DYNAMIC_NO_PIC = NO;
				GCC_OPTIMIZATION_LEVEL = 0;
				GCC_PREPROCESSOR_DEFINITIONS = (
					"DEBUG=1",
					"$(inherited)",
				);
				GCC_SYMBOLS_PRIVATE_EXTERN = NO;
				GCC_VERSION = com.apple.compilers.llvm.clang.1_0;
				GCC_WARN_ABOUT_MISSING_PROTOTYPES = YES;
				GCC_WARN_ABOUT_RETURN_TYPE = YES;
				GCC_WARN_UNUSED_VARIABLE = YES;
				HEADER_SEARCH_PATHS = (
					"\"$(CINDER_PATH)/boost\"",
					"\"$(CINDER_PATH)/blocks/Freetype/include\"",
					"\"$(CINDER_PATH)/blocks/hb-icu/include/icu/common\"",
					"\"$(CINDER_PATH)/blocks/hb-icu/include/hb\"",
				);
				IPHONEOS_DEPLOYMENT_TARGET = 5.0;
				SDKROOT = iphoneos;
				TARGETED_DEVICE_FAMILY = "1,2";
				USER_HEADER_SEARCH_PATHS = "../include \"$(CINDER_PATH)/include\" \"$(CINDER_PATH)/blocks/new-chronotext-toolkit/src\"";
			};
			name = Debug;
		};
		00692BF414FF149000D0A05E /* Release */ = {
			isa = XCBuildConfiguration;
			buildSettings = {
				ALWAYS_SEARCH_USER_PATHS = YES;
				ARCHS = armv7;
				CINDER_PATH = ../../../../..;
				CLANG_CXX_LANGUAGE_STANDARD = "c++0x";
				CLANG_CXX_LIBRARY = "libc++";
				"CODE_SIGN_IDENTITY[sdk=iphoneos*]" = "iPhone Developer";
				COPY_PHASE_STRIP = YES;
				DEAD_CODE_STRIPPING = YES;
				GCC_C_LANGUAGE_STANDARD = gnu99;
				GCC_OPTIMIZATION_LEVEL = 3;
				GCC_VERSION = com.apple.compilers.llvm.clang.1_0;
				GCC_WARN_ABOUT_MISSING_PROTOTYPES = YES;
				GCC_WARN_ABOUT_RETURN_TYPE = YES;
				GCC_WARN_UNUSED_VARIABLE = YES;
				HEADER_SEARCH_PATHS = (
					"\"$(CINDER_PATH)/boost\"",
					"\"$(CINDER_PATH)/blocks/Freetype/include\"",
					"\"$(CINDER_PATH)/blocks/hb-icu/include/icu/common\"",
					"\"$(CINDER_PATH)/blocks/hb-icu/include/hb\"",
				);
				IPHONEOS_DEPLOYMENT_TARGET = 5.0;
				OTHER_CFLAGS = "-DNS_BLOCK_ASSERTIONS=1";
				SDKROOT = iphoneos;
				TARGETED_DEVICE_FAMILY = "1,2";
				USER_HEADER_SEARCH_PATHS = "../include \"$(CINDER_PATH)/include\" \"$(CINDER_PATH)/blocks/new-chronotext-toolkit/src\"";
				VALIDATE_PRODUCT = YES;
			};
			name = Release;
		};
		00692BF614FF149000D0A05E /* Debug */ = {
			isa = XCBuildConfiguration;
			buildSettings = {
				GCC_PRECOMPILE_PREFIX_HEADER = YES;
				GCC_PREFIX_HEADER = Prefix.pch;
				INFOPLIST_FILE = Info.plist;
				"OTHER_LDFLAGS[sdk=iphoneos*][arch=*]" = (
					"-lz",
					"\"$(CINDER_PATH)/lib/libcinder-iphone_d.a\"",
					"\"$(CINDER_PATH)/blocks/Freetype/lib/ios/libfreetype.a\"",
					"\"$(CINDER_PATH)/blocks/hb-icu/lib/ios/libicu-common.a\"",
					"\"$(CINDER_PATH)/blocks/hb-icu/lib/ios/libhb.a\"",
				);
				"OTHER_LDFLAGS[sdk=iphonesimulator*][arch=*]" = (
					"-lz",
					"\"$(CINDER_PATH)/lib/libcinder-iphone-sim_d.a\"",
					"\"$(CINDER_PATH)/blocks/Freetype/lib/ios/libfreetype.a\"",
					"\"$(CINDER_PATH)/blocks/hb-icu/lib/ios/libicu-common.a\"",
					"\"$(CINDER_PATH)/blocks/hb-icu/lib/ios/libhb.a\"",
				);
				PRODUCT_NAME = "$(TARGET_NAME)";
				WRAPPER_EXTENSION = app;
			};
			name = Debug;
		};
		00692BF714FF149000D0A05E /* Release */ = {
			isa = XCBuildConfiguration;
			buildSettings = {
				GCC_OPTIMIZATION_LEVEL = 3;
				GCC_PRECOMPILE_PREFIX_HEADER = YES;
				GCC_PREFIX_HEADER = Prefix.pch;
				INFOPLIST_FILE = Info.plist;
				"OTHER_LDFLAGS[sdk=iphoneos*][arch=*]" = (
					"-lz",
					"\"$(CINDER_PATH)/lib/libcinder-iphone.a\"",
					"\"$(CINDER_PATH)/blocks/Freetype/lib/ios/libfreetype.a\"",
					"\"$(CINDER_PATH)/blocks/hb-icu/lib/ios/libicu-common.a\"",
					"\"$(CINDER_PATH)/blocks/hb-icu/lib/ios/libhb.a\"",
				);
				"OTHER_LDFLAGS[sdk=iphonesimulator*][arch=*]" = (
					"-lz",
					"\"$(CINDER_PATH)/lib/libcinder-iphone-sim.a\"",
					"\"$(CINDER_PATH)/blocks/Freetype/lib/ios/libfreetype.a\"",
					"\"$(CINDER_PATH)/blocks/hb-icu/lib/ios/libicu-common.a\"",
					"\"$(CINDER_PATH)/blocks/hb-icu/lib/ios/libhb.a\"",
				);
				PRODUCT_NAME = "$(TARGET_NAME)";
				WRAPPER_EXTENSION = app;
			};
			name = Release;
		};
/* End XCBuildConfiguration section */

/* Begin XCConfigurationList section */
		00692BC914FF149000D0A05E /* Build configuration list for PBXProject "Rendering" */ = {
			isa = XCConfigurationList;
			buildConfigurations = (
				00692BF314FF149000D0A05E /* Debug */,
				00692BF414FF149000D0A05E /* Release */,
			);
			defaultConfigurationIsVisible = 0;
			defaultConfigurationName = Release;
		};
		00692BF514FF149000D0A05E /* Build configuration list for PBXNativeTarget "Rendering" */ = {
			isa = XCConfigurationList;
			buildConfigurations = (
				00692BF614FF149000D0A05E /* Debug */,
				00692BF714FF149000D0A05E /* Release */,
			);
			defaultConfigurationIsVisible = 0;
			defaultConfigurationName = Release;
		};
/* End XCConfigurationList section */
	};
	rootObject = 00692BC614FF149000D0A05E /* Project object */;
}
