// !$*UTF8*$!
{
	archiveVersion = 1;
	classes = {
	};
	objectVersion = 46;
	objects = {

/* Begin PBXBuildFile section */
		0091D8F90E81B9330029341E /* OpenGL.framework in Frameworks */ = {isa = PBXBuildFile; fileRef = 0091D8F80E81B9330029341E /* OpenGL.framework */; };
		00B784B30FF439BC000DE1D7 /* Accelerate.framework in Frameworks */ = {isa = PBXBuildFile; fileRef = 00B784AF0FF439BC000DE1D7 /* Accelerate.framework */; };
		00B784B40FF439BC000DE1D7 /* AudioToolbox.framework in Frameworks */ = {isa = PBXBuildFile; fileRef = 00B784B00FF439BC000DE1D7 /* AudioToolbox.framework */; };
		00B784B50FF439BC000DE1D7 /* AudioUnit.framework in Frameworks */ = {isa = PBXBuildFile; fileRef = 00B784B10FF439BC000DE1D7 /* AudioUnit.framework */; };
		00B784B60FF439BC000DE1D7 /* CoreAudio.framework in Frameworks */ = {isa = PBXBuildFile; fileRef = 00B784B20FF439BC000DE1D7 /* CoreAudio.framework */; };
		5323E6B20EAFCA74003A9687 /* CoreVideo.framework in Frameworks */ = {isa = PBXBuildFile; fileRef = 5323E6B10EAFCA74003A9687 /* CoreVideo.framework */; };
		5323E6B60EAFCA7E003A9687 /* QTKit.framework in Frameworks */ = {isa = PBXBuildFile; fileRef = 5323E6B50EAFCA7E003A9687 /* QTKit.framework */; };
		8D11072F0486CEB800E47090 /* Cocoa.framework in Frameworks */ = {isa = PBXBuildFile; fileRef = 1058C7A1FEA54F0111CA2CBB /* Cocoa.framework */; };
		A809523B16F360660011FAA3 /* icon.icns in Resources */ = {isa = PBXBuildFile; fileRef = A809523A16F360660011FAA3 /* icon.icns */; };
		A8363B9418876C5A0015C5FF /* Fonts.xml in Resources */ = {isa = PBXBuildFile; fileRef = A8363B9318876C5A0015C5FF /* Fonts.xml */; };
		A871F170186116D9001D0F98 /* scrptrun.cpp in Sources */ = {isa = PBXBuildFile; fileRef = A871F16E186116D9001D0F98 /* scrptrun.cpp */; };
		A887CB19187C688D000B2DDB /* LanguageHelper.cpp in Sources */ = {isa = PBXBuildFile; fileRef = A887CB18187C688D000B2DDB /* LanguageHelper.cpp */; };
		A88E59CE18842D0D00E737F3 /* CinderApp.cpp in Sources */ = {isa = PBXBuildFile; fileRef = A88E590318842D0D00E737F3 /* CinderApp.cpp */; };
		A88E59CF18842D0D00E737F3 /* CinderSketchSimple.cpp in Sources */ = {isa = PBXBuildFile; fileRef = A88E590718842D0D00E737F3 /* CinderSketchSimple.cpp */; };
		A88E59D318842D0D00E737F3 /* FileSystem.cpp in Sources */ = {isa = PBXBuildFile; fileRef = A88E591118842D0D00E737F3 /* FileSystem.cpp */; };
		A88E59E618842D0D00E737F3 /* InputSource.cpp in Sources */ = {isa = PBXBuildFile; fileRef = A88E593C18842D0D00E737F3 /* InputSource.cpp */; };
		A88E59EC18842D0D00E737F3 /* Handler.cpp in Sources */ = {isa = PBXBuildFile; fileRef = A88E594E18842D0D00E737F3 /* Handler.cpp */; };
		A88E59ED18842D0D00E737F3 /* SuperHandler.cpp in Sources */ = {isa = PBXBuildFile; fileRef = A88E595218842D0D00E737F3 /* SuperHandler.cpp */; };
		A88E5A0618842D0D00E737F3 /* GLUtils.cpp in Sources */ = {isa = PBXBuildFile; fileRef = A88E599918842D0D00E737F3 /* GLUtils.cpp */; };
		A88E5A0718842D0D00E737F3 /* MathUtils.cpp in Sources */ = {isa = PBXBuildFile; fileRef = A88E599C18842D0D00E737F3 /* MathUtils.cpp */; };
		A88E5A0818842D0D00E737F3 /* Utils.cpp in Sources */ = {isa = PBXBuildFile; fileRef = A88E59A318842D0D00E737F3 /* Utils.cpp */; };
		A88E5A151884389F00E737F3 /* Sketch.cpp in Sources */ = {isa = PBXBuildFile; fileRef = A88E5A131884389F00E737F3 /* Sketch.cpp */; };
		A88E5BB1188449B300E737F3 /* Application.cpp in Sources */ = {isa = PBXBuildFile; fileRef = A88E5BB0188449B300E737F3 /* Application.cpp */; };
		A8B2BBEB1882C65E0053DC36 /* LayoutCache.cpp in Sources */ = {isa = PBXBuildFile; fileRef = A8B2BBE91882C65E0053DC36 /* LayoutCache.cpp */; };
		A8BCDEC6187D72DB00A7FCB8 /* TextItemizer.cpp in Sources */ = {isa = PBXBuildFile; fileRef = A8BCDEC4187D72DB00A7FCB8 /* TextItemizer.cpp */; };
		A8BCDED7187D857900A7FCB8 /* VirtualFont.cpp in Sources */ = {isa = PBXBuildFile; fileRef = A8BCDEC9187D857900A7FCB8 /* VirtualFont.cpp */; };
		A8BCDED8187D857900A7FCB8 /* ActualFont.cpp in Sources */ = {isa = PBXBuildFile; fileRef = A8BCDECB187D857900A7FCB8 /* ActualFont.cpp */; };
		A8BCDED9187D857900A7FCB8 /* FontManager.cpp in Sources */ = {isa = PBXBuildFile; fileRef = A8BCDECE187D857900A7FCB8 /* FontManager.cpp */; };
		A8BCDEDB187D857900A7FCB8 /* ReloadableTexture.cpp in Sources */ = {isa = PBXBuildFile; fileRef = A8BCDED2187D857900A7FCB8 /* ReloadableTexture.cpp */; };
		A8BCDEDC187D857900A7FCB8 /* FreetypeHelper.cpp in Sources */ = {isa = PBXBuildFile; fileRef = A8BCDED4187D857900A7FCB8 /* FreetypeHelper.cpp */; };
		A8BCDEE0187D86EF00A7FCB8 /* sans-serif_osx.xml in Resources */ = {isa = PBXBuildFile; fileRef = A8BCDEDD187D86EF00A7FCB8 /* sans-serif_osx.xml */; };
		A8BCDEE1187D86EF00A7FCB8 /* sans-serif.xml in Resources */ = {isa = PBXBuildFile; fileRef = A8BCDEDE187D86EF00A7FCB8 /* sans-serif.xml */; };
		A8BCDEE2187D86EF00A7FCB8 /* Text.xml in Resources */ = {isa = PBXBuildFile; fileRef = A8BCDEDF187D86EF00A7FCB8 /* Text.xml */; };
		A8FD19A1187BFB43000BE555 /* hb-ft.cc in Sources */ = {isa = PBXBuildFile; fileRef = A8FD194C187BFB42000BE555 /* hb-ft.cc */; };
		A8FD19A2187BFB43000BE555 /* hb-set.cc in Sources */ = {isa = PBXBuildFile; fileRef = A8FD194D187BFB42000BE555 /* hb-set.cc */; };
		A8FD19A3187BFB43000BE555 /* hb-shape-plan.cc in Sources */ = {isa = PBXBuildFile; fileRef = A8FD1950187BFB42000BE555 /* hb-shape-plan.cc */; };
		A8FD19A4187BFB43000BE555 /* hb-shape.cc in Sources */ = {isa = PBXBuildFile; fileRef = A8FD1952187BFB42000BE555 /* hb-shape.cc */; };
		A8FD19A5187BFB43000BE555 /* hb-shaper.cc in Sources */ = {isa = PBXBuildFile; fileRef = A8FD1957187BFB42000BE555 /* hb-shaper.cc */; };
		A8FD19A6187BFB43000BE555 /* hb-ucdn.cc in Sources */ = {isa = PBXBuildFile; fileRef = A8FD1958187BFB42000BE555 /* hb-ucdn.cc */; };
		A8FD19A7187BFB43000BE555 /* hb-unicode.cc in Sources */ = {isa = PBXBuildFile; fileRef = A8FD195A187BFB42000BE555 /* hb-unicode.cc */; };
		A8FD19A8187BFB43000BE555 /* ucdn.c in Sources */ = {isa = PBXBuildFile; fileRef = A8FD195F187BFB42000BE555 /* ucdn.c */; };
		A8FD19A9187BFB43000BE555 /* hb-blob.cc in Sources */ = {isa = PBXBuildFile; fileRef = A8FD1963187BFB42000BE555 /* hb-blob.cc */; };
		A8FD19AA187BFB43000BE555 /* hb-buffer.cc in Sources */ = {isa = PBXBuildFile; fileRef = A8FD1966187BFB42000BE555 /* hb-buffer.cc */; };
		A8FD19AB187BFB43000BE555 /* hb-common.cc in Sources */ = {isa = PBXBuildFile; fileRef = A8FD1969187BFB42000BE555 /* hb-common.cc */; };
		A8FD19AC187BFB43000BE555 /* hb-face.cc in Sources */ = {isa = PBXBuildFile; fileRef = A8FD196D187BFB42000BE555 /* hb-face.cc */; };
		A8FD19AD187BFB43000BE555 /* hb-fallback-shape.cc in Sources */ = {isa = PBXBuildFile; fileRef = A8FD196F187BFB42000BE555 /* hb-fallback-shape.cc */; };
		A8FD19AE187BFB43000BE555 /* hb-font.cc in Sources */ = {isa = PBXBuildFile; fileRef = A8FD1971187BFB42000BE555 /* hb-font.cc */; };
		A8FD19AF187BFB43000BE555 /* hb-ot-layout.cc in Sources */ = {isa = PBXBuildFile; fileRef = A8FD1982187BFB42000BE555 /* hb-ot-layout.cc */; };
		A8FD19B0187BFB43000BE555 /* hb-ot-map.cc in Sources */ = {isa = PBXBuildFile; fileRef = A8FD1985187BFB42000BE555 /* hb-ot-map.cc */; };
		A8FD19B1187BFB43000BE555 /* hb-ot-shape-complex-arabic.cc in Sources */ = {isa = PBXBuildFile; fileRef = A8FD198A187BFB42000BE555 /* hb-ot-shape-complex-arabic.cc */; };
		A8FD19B2187BFB43000BE555 /* hb-ot-shape-complex-default.cc in Sources */ = {isa = PBXBuildFile; fileRef = A8FD198B187BFB42000BE555 /* hb-ot-shape-complex-default.cc */; };
		A8FD19B3187BFB43000BE555 /* hb-ot-shape-complex-indic-table.cc in Sources */ = {isa = PBXBuildFile; fileRef = A8FD198E187BFB42000BE555 /* hb-ot-shape-complex-indic-table.cc */; };
		A8FD19B4187BFB43000BE555 /* hb-ot-shape-complex-indic.cc in Sources */ = {isa = PBXBuildFile; fileRef = A8FD198F187BFB42000BE555 /* hb-ot-shape-complex-indic.cc */; };
		A8FD19B5187BFB43000BE555 /* hb-ot-shape-complex-myanmar.cc in Sources */ = {isa = PBXBuildFile; fileRef = A8FD1991187BFB42000BE555 /* hb-ot-shape-complex-myanmar.cc */; };
		A8FD19B6187BFB43000BE555 /* hb-ot-shape-complex-sea.cc in Sources */ = {isa = PBXBuildFile; fileRef = A8FD1994187BFB42000BE555 /* hb-ot-shape-complex-sea.cc */; };
		A8FD19B7187BFB43000BE555 /* hb-ot-shape-complex-thai.cc in Sources */ = {isa = PBXBuildFile; fileRef = A8FD1995187BFB42000BE555 /* hb-ot-shape-complex-thai.cc */; };
		A8FD19B8187BFB43000BE555 /* hb-ot-shape-fallback.cc in Sources */ = {isa = PBXBuildFile; fileRef = A8FD1997187BFB42000BE555 /* hb-ot-shape-fallback.cc */; };
		A8FD19B9187BFB43000BE555 /* hb-ot-shape-normalize.cc in Sources */ = {isa = PBXBuildFile; fileRef = A8FD1999187BFB42000BE555 /* hb-ot-shape-normalize.cc */; };
		A8FD19BA187BFB43000BE555 /* hb-ot-shape.cc in Sources */ = {isa = PBXBuildFile; fileRef = A8FD199B187BFB42000BE555 /* hb-ot-shape.cc */; };
		A8FD19BB187BFB43000BE555 /* hb-ot-tag.cc in Sources */ = {isa = PBXBuildFile; fileRef = A8FD199C187BFB43000BE555 /* hb-ot-tag.cc */; };
/* End PBXBuildFile section */

/* Begin PBXFileReference section */
		0091D8F80E81B9330029341E /* OpenGL.framework */ = {isa = PBXFileReference; lastKnownFileType = wrapper.framework; name = OpenGL.framework; path = /System/Library/Frameworks/OpenGL.framework; sourceTree = "<absolute>"; };
		00B784AF0FF439BC000DE1D7 /* Accelerate.framework */ = {isa = PBXFileReference; lastKnownFileType = wrapper.framework; name = Accelerate.framework; path = System/Library/Frameworks/Accelerate.framework; sourceTree = SDKROOT; };
		00B784B00FF439BC000DE1D7 /* AudioToolbox.framework */ = {isa = PBXFileReference; lastKnownFileType = wrapper.framework; name = AudioToolbox.framework; path = System/Library/Frameworks/AudioToolbox.framework; sourceTree = SDKROOT; };
		00B784B10FF439BC000DE1D7 /* AudioUnit.framework */ = {isa = PBXFileReference; lastKnownFileType = wrapper.framework; name = AudioUnit.framework; path = System/Library/Frameworks/AudioUnit.framework; sourceTree = SDKROOT; };
		00B784B20FF439BC000DE1D7 /* CoreAudio.framework */ = {isa = PBXFileReference; lastKnownFileType = wrapper.framework; name = CoreAudio.framework; path = System/Library/Frameworks/CoreAudio.framework; sourceTree = SDKROOT; };
		1058C7A1FEA54F0111CA2CBB /* Cocoa.framework */ = {isa = PBXFileReference; lastKnownFileType = wrapper.framework; name = Cocoa.framework; path = /System/Library/Frameworks/Cocoa.framework; sourceTree = "<absolute>"; };
		29B97324FDCFA39411CA2CEA /* AppKit.framework */ = {isa = PBXFileReference; lastKnownFileType = wrapper.framework; name = AppKit.framework; path = /System/Library/Frameworks/AppKit.framework; sourceTree = "<absolute>"; };
		29B97325FDCFA39411CA2CEA /* Foundation.framework */ = {isa = PBXFileReference; lastKnownFileType = wrapper.framework; name = Foundation.framework; path = /System/Library/Frameworks/Foundation.framework; sourceTree = "<absolute>"; };
		434A86CFEA544FFA9D66F749 /* Info.plist */ = {isa = PBXFileReference; lastKnownFileType = text.plist.xml; path = Info.plist; sourceTree = "<group>"; };
		530D8ED2F6EB414F805B7B9E /* Prefix.pch */ = {isa = PBXFileReference; lastKnownFileType = "\"\""; path = Prefix.pch; sourceTree = "<group>"; };
		5323E6B10EAFCA74003A9687 /* CoreVideo.framework */ = {isa = PBXFileReference; lastKnownFileType = wrapper.framework; name = CoreVideo.framework; path = /System/Library/Frameworks/CoreVideo.framework; sourceTree = "<absolute>"; };
		5323E6B50EAFCA7E003A9687 /* QTKit.framework */ = {isa = PBXFileReference; lastKnownFileType = wrapper.framework; name = QTKit.framework; path = /System/Library/Frameworks/QTKit.framework; sourceTree = "<absolute>"; };
		8D1107320486CEB800E47090 /* VirtualFont.app */ = {isa = PBXFileReference; explicitFileType = wrapper.application; includeInIndex = 0; path = VirtualFont.app; sourceTree = BUILT_PRODUCTS_DIR; };
		A809523A16F360660011FAA3 /* icon.icns */ = {isa = PBXFileReference; lastKnownFileType = image.icns; path = icon.icns; sourceTree = "<group>"; };
		A8363B9318876C5A0015C5FF /* Fonts.xml */ = {isa = PBXFileReference; fileEncoding = 4; lastKnownFileType = text.xml; name = Fonts.xml; path = ../resources/Fonts.xml; sourceTree = "<group>"; };
		A871F16E186116D9001D0F98 /* scrptrun.cpp */ = {isa = PBXFileReference; fileEncoding = 4; lastKnownFileType = sourcecode.cpp.cpp; name = scrptrun.cpp; path = ../src/scrptrun.cpp; sourceTree = "<group>"; };
		A871F16F186116D9001D0F98 /* scrptrun.h */ = {isa = PBXFileReference; fileEncoding = 4; lastKnownFileType = sourcecode.c.h; name = scrptrun.h; path = ../src/scrptrun.h; sourceTree = "<group>"; };
		A887CB17187C688D000B2DDB /* LanguageHelper.h */ = {isa = PBXFileReference; fileEncoding = 4; lastKnownFileType = sourcecode.c.h; name = LanguageHelper.h; path = ../src/LanguageHelper.h; sourceTree = "<group>"; };
		A887CB18187C688D000B2DDB /* LanguageHelper.cpp */ = {isa = PBXFileReference; fileEncoding = 4; lastKnownFileType = sourcecode.cpp.cpp; name = LanguageHelper.cpp; path = ../src/LanguageHelper.cpp; sourceTree = "<group>"; };
		A88E590318842D0D00E737F3 /* CinderApp.cpp */ = {isa = PBXFileReference; fileEncoding = 4; lastKnownFileType = sourcecode.cpp.cpp; path = CinderApp.cpp; sourceTree = "<group>"; };
		A88E590418842D0D00E737F3 /* CinderApp.h */ = {isa = PBXFileReference; fileEncoding = 4; lastKnownFileType = sourcecode.c.h; path = CinderApp.h; sourceTree = "<group>"; };
		A88E590518842D0D00E737F3 /* CinderSketch.h */ = {isa = PBXFileReference; fileEncoding = 4; lastKnownFileType = sourcecode.c.h; path = CinderSketch.h; sourceTree = "<group>"; };
		A88E590618842D0D00E737F3 /* CinderSketchBase.h */ = {isa = PBXFileReference; fileEncoding = 4; lastKnownFileType = sourcecode.c.h; path = CinderSketchBase.h; sourceTree = "<group>"; };
		A88E590718842D0D00E737F3 /* CinderSketchSimple.cpp */ = {isa = PBXFileReference; fileEncoding = 4; lastKnownFileType = sourcecode.cpp.cpp; path = CinderSketchSimple.cpp; sourceTree = "<group>"; };
		A88E590818842D0D00E737F3 /* CinderSketchSimple.h */ = {isa = PBXFileReference; fileEncoding = 4; lastKnownFileType = sourcecode.c.h; path = CinderSketchSimple.h; sourceTree = "<group>"; };
		A88E591118842D0D00E737F3 /* FileSystem.cpp */ = {isa = PBXFileReference; fileEncoding = 4; lastKnownFileType = sourcecode.cpp.cpp; path = FileSystem.cpp; sourceTree = "<group>"; };
		A88E591218842D0D00E737F3 /* FileSystem.h */ = {isa = PBXFileReference; fileEncoding = 4; lastKnownFileType = sourcecode.c.h; path = FileSystem.h; sourceTree = "<group>"; };
		A88E593C18842D0D00E737F3 /* InputSource.cpp */ = {isa = PBXFileReference; fileEncoding = 4; lastKnownFileType = sourcecode.cpp.cpp; path = InputSource.cpp; sourceTree = "<group>"; };
		A88E593D18842D0D00E737F3 /* InputSource.h */ = {isa = PBXFileReference; fileEncoding = 4; lastKnownFileType = sourcecode.c.h; path = InputSource.h; sourceTree = "<group>"; };
		A88E594E18842D0D00E737F3 /* Handler.cpp */ = {isa = PBXFileReference; fileEncoding = 4; lastKnownFileType = sourcecode.cpp.cpp; path = Handler.cpp; sourceTree = "<group>"; };
		A88E594F18842D0D00E737F3 /* Handler.h */ = {isa = PBXFileReference; fileEncoding = 4; lastKnownFileType = sourcecode.c.h; path = Handler.h; sourceTree = "<group>"; };
		A88E595018842D0D00E737F3 /* Message.h */ = {isa = PBXFileReference; fileEncoding = 4; lastKnownFileType = sourcecode.c.h; path = Message.h; sourceTree = "<group>"; };
		A88E595118842D0D00E737F3 /* SubHandler.h */ = {isa = PBXFileReference; fileEncoding = 4; lastKnownFileType = sourcecode.c.h; path = SubHandler.h; sourceTree = "<group>"; };
		A88E595218842D0D00E737F3 /* SuperHandler.cpp */ = {isa = PBXFileReference; fileEncoding = 4; lastKnownFileType = sourcecode.cpp.cpp; path = SuperHandler.cpp; sourceTree = "<group>"; };
		A88E595318842D0D00E737F3 /* SuperHandler.h */ = {isa = PBXFileReference; fileEncoding = 4; lastKnownFileType = sourcecode.c.h; path = SuperHandler.h; sourceTree = "<group>"; };
		A88E599918842D0D00E737F3 /* GLUtils.cpp */ = {isa = PBXFileReference; fileEncoding = 4; lastKnownFileType = sourcecode.cpp.cpp; path = GLUtils.cpp; sourceTree = "<group>"; };
		A88E599A18842D0D00E737F3 /* GLUtils.h */ = {isa = PBXFileReference; fileEncoding = 4; lastKnownFileType = sourcecode.c.h; path = GLUtils.h; sourceTree = "<group>"; };
		A88E599B18842D0D00E737F3 /* Hasher.h */ = {isa = PBXFileReference; fileEncoding = 4; lastKnownFileType = sourcecode.c.h; path = Hasher.h; sourceTree = "<group>"; };
		A88E599C18842D0D00E737F3 /* MathUtils.cpp */ = {isa = PBXFileReference; fileEncoding = 4; lastKnownFileType = sourcecode.cpp.cpp; path = MathUtils.cpp; sourceTree = "<group>"; };
		A88E599D18842D0D00E737F3 /* MathUtils.h */ = {isa = PBXFileReference; fileEncoding = 4; lastKnownFileType = sourcecode.c.h; path = MathUtils.h; sourceTree = "<group>"; };
		A88E59A218842D0D00E737F3 /* Timing.h */ = {isa = PBXFileReference; fileEncoding = 4; lastKnownFileType = sourcecode.c.h; path = Timing.h; sourceTree = "<group>"; };
		A88E59A318842D0D00E737F3 /* Utils.cpp */ = {isa = PBXFileReference; fileEncoding = 4; lastKnownFileType = sourcecode.cpp.cpp; path = Utils.cpp; sourceTree = "<group>"; };
		A88E59A418842D0D00E737F3 /* Utils.h */ = {isa = PBXFileReference; fileEncoding = 4; lastKnownFileType = sourcecode.c.h; path = Utils.h; sourceTree = "<group>"; };
		A88E5A131884389F00E737F3 /* Sketch.cpp */ = {isa = PBXFileReference; fileEncoding = 4; lastKnownFileType = sourcecode.cpp.cpp; name = Sketch.cpp; path = ../src/Sketch.cpp; sourceTree = "<group>"; };
		A88E5A141884389F00E737F3 /* Sketch.h */ = {isa = PBXFileReference; fileEncoding = 4; lastKnownFileType = sourcecode.c.h; name = Sketch.h; path = ../src/Sketch.h; sourceTree = "<group>"; };
		A88E5BB0188449B300E737F3 /* Application.cpp */ = {isa = PBXFileReference; fileEncoding = 4; lastKnownFileType = sourcecode.cpp.cpp; path = Application.cpp; sourceTree = "<group>"; };
		A8B2BBE91882C65E0053DC36 /* LayoutCache.cpp */ = {isa = PBXFileReference; fileEncoding = 4; lastKnownFileType = sourcecode.cpp.cpp; name = LayoutCache.cpp; path = ../src/LayoutCache.cpp; sourceTree = "<group>"; };
		A8B2BBEA1882C65E0053DC36 /* LayoutCache.h */ = {isa = PBXFileReference; fileEncoding = 4; lastKnownFileType = sourcecode.c.h; name = LayoutCache.h; path = ../src/LayoutCache.h; sourceTree = "<group>"; };
		A8BCDEBF187CB71600A7FCB8 /* TextRun.h */ = {isa = PBXFileReference; lastKnownFileType = sourcecode.c.h; name = TextRun.h; path = ../src/TextRun.h; sourceTree = "<group>"; };
		A8BCDEC0187D68DE00A7FCB8 /* TextLine.h */ = {isa = PBXFileReference; lastKnownFileType = sourcecode.c.h; name = TextLine.h; path = ../src/TextLine.h; sourceTree = "<group>"; };
		A8BCDEC4187D72DB00A7FCB8 /* TextItemizer.cpp */ = {isa = PBXFileReference; fileEncoding = 4; lastKnownFileType = sourcecode.cpp.cpp; name = TextItemizer.cpp; path = ../src/TextItemizer.cpp; sourceTree = "<group>"; };
		A8BCDEC5187D72DB00A7FCB8 /* TextItemizer.h */ = {isa = PBXFileReference; fileEncoding = 4; lastKnownFileType = sourcecode.c.h; name = TextItemizer.h; path = ../src/TextItemizer.h; sourceTree = "<group>"; };
		A8BCDEC9187D857900A7FCB8 /* VirtualFont.cpp */ = {isa = PBXFileReference; fileEncoding = 4; lastKnownFileType = sourcecode.cpp.cpp; name = VirtualFont.cpp; path = ../src/VirtualFont.cpp; sourceTree = "<group>"; };
		A8BCDECA187D857900A7FCB8 /* VirtualFont.h */ = {isa = PBXFileReference; fileEncoding = 4; lastKnownFileType = sourcecode.c.h; name = VirtualFont.h; path = ../src/VirtualFont.h; sourceTree = "<group>"; };
		A8BCDECB187D857900A7FCB8 /* ActualFont.cpp */ = {isa = PBXFileReference; fileEncoding = 4; lastKnownFileType = sourcecode.cpp.cpp; name = ActualFont.cpp; path = ../src/ActualFont.cpp; sourceTree = "<group>"; };
		A8BCDECC187D857900A7FCB8 /* ActualFont.h */ = {isa = PBXFileReference; fileEncoding = 4; lastKnownFileType = sourcecode.c.h; name = ActualFont.h; path = ../src/ActualFont.h; sourceTree = "<group>"; };
		A8BCDECD187D857900A7FCB8 /* GlyphData.h */ = {isa = PBXFileReference; fileEncoding = 4; lastKnownFileType = sourcecode.c.h; name = GlyphData.h; path = ../src/GlyphData.h; sourceTree = "<group>"; };
		A8BCDECE187D857900A7FCB8 /* FontManager.cpp */ = {isa = PBXFileReference; fileEncoding = 4; lastKnownFileType = sourcecode.cpp.cpp; name = FontManager.cpp; path = ../src/FontManager.cpp; sourceTree = "<group>"; };
		A8BCDECF187D857900A7FCB8 /* FontManager.h */ = {isa = PBXFileReference; fileEncoding = 4; lastKnownFileType = sourcecode.c.h; name = FontManager.h; path = ../src/FontManager.h; sourceTree = "<group>"; };
		A8BCDED2187D857900A7FCB8 /* ReloadableTexture.cpp */ = {isa = PBXFileReference; fileEncoding = 4; lastKnownFileType = sourcecode.cpp.cpp; name = ReloadableTexture.cpp; path = ../src/ReloadableTexture.cpp; sourceTree = "<group>"; };
		A8BCDED3187D857900A7FCB8 /* ReloadableTexture.h */ = {isa = PBXFileReference; fileEncoding = 4; lastKnownFileType = sourcecode.c.h; name = ReloadableTexture.h; path = ../src/ReloadableTexture.h; sourceTree = "<group>"; };
		A8BCDED4187D857900A7FCB8 /* FreetypeHelper.cpp */ = {isa = PBXFileReference; fileEncoding = 4; lastKnownFileType = sourcecode.cpp.cpp; name = FreetypeHelper.cpp; path = ../src/FreetypeHelper.cpp; sourceTree = "<group>"; };
		A8BCDED5187D857900A7FCB8 /* FreetypeHelper.h */ = {isa = PBXFileReference; fileEncoding = 4; lastKnownFileType = sourcecode.c.h; name = FreetypeHelper.h; path = ../src/FreetypeHelper.h; sourceTree = "<group>"; };
		A8BCDED6187D857900A7FCB8 /* LineLayout.h */ = {isa = PBXFileReference; fileEncoding = 4; lastKnownFileType = sourcecode.c.h; name = LineLayout.h; path = ../src/LineLayout.h; sourceTree = "<group>"; };
		A8BCDEDD187D86EF00A7FCB8 /* sans-serif_osx.xml */ = {isa = PBXFileReference; fileEncoding = 4; lastKnownFileType = text.xml; name = "sans-serif_osx.xml"; path = "../resources/sans-serif_osx.xml"; sourceTree = "<group>"; };
		A8BCDEDE187D86EF00A7FCB8 /* sans-serif.xml */ = {isa = PBXFileReference; fileEncoding = 4; lastKnownFileType = text.xml; name = "sans-serif.xml"; path = "../resources/sans-serif.xml"; sourceTree = "<group>"; };
		A8BCDEDF187D86EF00A7FCB8 /* Text.xml */ = {isa = PBXFileReference; fileEncoding = 4; lastKnownFileType = text.xml; name = Text.xml; path = ../resources/Text.xml; sourceTree = "<group>"; };
		A8FD194C187BFB42000BE555 /* hb-ft.cc */ = {isa = PBXFileReference; fileEncoding = 4; lastKnownFileType = sourcecode.cpp.cpp; name = "hb-ft.cc"; path = "../../../hb/hb-ft.cc"; sourceTree = "<group>"; };
		A8FD194D187BFB42000BE555 /* hb-set.cc */ = {isa = PBXFileReference; fileEncoding = 4; lastKnownFileType = sourcecode.cpp.cpp; name = "hb-set.cc"; path = "../../../hb/hb-set.cc"; sourceTree = "<group>"; };
		A8FD194E187BFB42000BE555 /* hb-set.h */ = {isa = PBXFileReference; fileEncoding = 4; lastKnownFileType = sourcecode.c.h; name = "hb-set.h"; path = "../../../hb/hb-set.h"; sourceTree = "<group>"; };
		A8FD194F187BFB42000BE555 /* hb-shape-plan-private.hh */ = {isa = PBXFileReference; fileEncoding = 4; lastKnownFileType = sourcecode.cpp.h; name = "hb-shape-plan-private.hh"; path = "../../../hb/hb-shape-plan-private.hh"; sourceTree = "<group>"; };
		A8FD1950187BFB42000BE555 /* hb-shape-plan.cc */ = {isa = PBXFileReference; fileEncoding = 4; lastKnownFileType = sourcecode.cpp.cpp; name = "hb-shape-plan.cc"; path = "../../../hb/hb-shape-plan.cc"; sourceTree = "<group>"; };
		A8FD1951187BFB42000BE555 /* hb-shape-plan.h */ = {isa = PBXFileReference; fileEncoding = 4; lastKnownFileType = sourcecode.c.h; name = "hb-shape-plan.h"; path = "../../../hb/hb-shape-plan.h"; sourceTree = "<group>"; };
		A8FD1952187BFB42000BE555 /* hb-shape.cc */ = {isa = PBXFileReference; fileEncoding = 4; lastKnownFileType = sourcecode.cpp.cpp; name = "hb-shape.cc"; path = "../../../hb/hb-shape.cc"; sourceTree = "<group>"; };
		A8FD1953187BFB42000BE555 /* hb-shape.h */ = {isa = PBXFileReference; fileEncoding = 4; lastKnownFileType = sourcecode.c.h; name = "hb-shape.h"; path = "../../../hb/hb-shape.h"; sourceTree = "<group>"; };
		A8FD1954187BFB42000BE555 /* hb-shaper-impl-private.hh */ = {isa = PBXFileReference; fileEncoding = 4; lastKnownFileType = sourcecode.cpp.h; name = "hb-shaper-impl-private.hh"; path = "../../../hb/hb-shaper-impl-private.hh"; sourceTree = "<group>"; };
		A8FD1955187BFB42000BE555 /* hb-shaper-list.hh */ = {isa = PBXFileReference; fileEncoding = 4; lastKnownFileType = sourcecode.cpp.h; name = "hb-shaper-list.hh"; path = "../../../hb/hb-shaper-list.hh"; sourceTree = "<group>"; };
		A8FD1956187BFB42000BE555 /* hb-shaper-private.hh */ = {isa = PBXFileReference; fileEncoding = 4; lastKnownFileType = sourcecode.cpp.h; name = "hb-shaper-private.hh"; path = "../../../hb/hb-shaper-private.hh"; sourceTree = "<group>"; };
		A8FD1957187BFB42000BE555 /* hb-shaper.cc */ = {isa = PBXFileReference; fileEncoding = 4; lastKnownFileType = sourcecode.cpp.cpp; name = "hb-shaper.cc"; path = "../../../hb/hb-shaper.cc"; sourceTree = "<group>"; };
		A8FD1958187BFB42000BE555 /* hb-ucdn.cc */ = {isa = PBXFileReference; fileEncoding = 4; lastKnownFileType = sourcecode.cpp.cpp; name = "hb-ucdn.cc"; path = "../../../hb/hb-ucdn.cc"; sourceTree = "<group>"; };
		A8FD1959187BFB42000BE555 /* hb-unicode-private.hh */ = {isa = PBXFileReference; fileEncoding = 4; lastKnownFileType = sourcecode.cpp.h; name = "hb-unicode-private.hh"; path = "../../../hb/hb-unicode-private.hh"; sourceTree = "<group>"; };
		A8FD195A187BFB42000BE555 /* hb-unicode.cc */ = {isa = PBXFileReference; fileEncoding = 4; lastKnownFileType = sourcecode.cpp.cpp; name = "hb-unicode.cc"; path = "../../../hb/hb-unicode.cc"; sourceTree = "<group>"; };
		A8FD195B187BFB42000BE555 /* hb-unicode.h */ = {isa = PBXFileReference; fileEncoding = 4; lastKnownFileType = sourcecode.c.h; name = "hb-unicode.h"; path = "../../../hb/hb-unicode.h"; sourceTree = "<group>"; };
		A8FD195C187BFB42000BE555 /* hb-utf-private.hh */ = {isa = PBXFileReference; fileEncoding = 4; lastKnownFileType = sourcecode.cpp.h; name = "hb-utf-private.hh"; path = "../../../hb/hb-utf-private.hh"; sourceTree = "<group>"; };
		A8FD195D187BFB42000BE555 /* hb-version.h */ = {isa = PBXFileReference; fileEncoding = 4; lastKnownFileType = sourcecode.c.h; name = "hb-version.h"; path = "../../../hb/hb-version.h"; sourceTree = "<group>"; };
		A8FD195E187BFB42000BE555 /* hb.h */ = {isa = PBXFileReference; fileEncoding = 4; lastKnownFileType = sourcecode.c.h; name = hb.h; path = ../../../hb/hb.h; sourceTree = "<group>"; };
		A8FD195F187BFB42000BE555 /* ucdn.c */ = {isa = PBXFileReference; fileEncoding = 4; lastKnownFileType = sourcecode.c.c; name = ucdn.c; path = ../../../hb/ucdn.c; sourceTree = "<group>"; };
		A8FD1960187BFB42000BE555 /* ucdn.h */ = {isa = PBXFileReference; fileEncoding = 4; lastKnownFileType = sourcecode.c.h; name = ucdn.h; path = ../../../hb/ucdn.h; sourceTree = "<group>"; };
		A8FD1961187BFB42000BE555 /* unicodedata_db.h */ = {isa = PBXFileReference; fileEncoding = 4; lastKnownFileType = sourcecode.c.h; name = unicodedata_db.h; path = ../../../hb/unicodedata_db.h; sourceTree = "<group>"; };
		A8FD1962187BFB42000BE555 /* hb-atomic-private.hh */ = {isa = PBXFileReference; fileEncoding = 4; lastKnownFileType = sourcecode.cpp.h; name = "hb-atomic-private.hh"; path = "../../../hb/hb-atomic-private.hh"; sourceTree = "<group>"; };
		A8FD1963187BFB42000BE555 /* hb-blob.cc */ = {isa = PBXFileReference; fileEncoding = 4; lastKnownFileType = sourcecode.cpp.cpp; name = "hb-blob.cc"; path = "../../../hb/hb-blob.cc"; sourceTree = "<group>"; };
		A8FD1964187BFB42000BE555 /* hb-blob.h */ = {isa = PBXFileReference; fileEncoding = 4; lastKnownFileType = sourcecode.c.h; name = "hb-blob.h"; path = "../../../hb/hb-blob.h"; sourceTree = "<group>"; };
		A8FD1965187BFB42000BE555 /* hb-buffer-private.hh */ = {isa = PBXFileReference; fileEncoding = 4; lastKnownFileType = sourcecode.cpp.h; name = "hb-buffer-private.hh"; path = "../../../hb/hb-buffer-private.hh"; sourceTree = "<group>"; };
		A8FD1966187BFB42000BE555 /* hb-buffer.cc */ = {isa = PBXFileReference; fileEncoding = 4; lastKnownFileType = sourcecode.cpp.cpp; name = "hb-buffer.cc"; path = "../../../hb/hb-buffer.cc"; sourceTree = "<group>"; };
		A8FD1967187BFB42000BE555 /* hb-buffer.h */ = {isa = PBXFileReference; fileEncoding = 4; lastKnownFileType = sourcecode.c.h; name = "hb-buffer.h"; path = "../../../hb/hb-buffer.h"; sourceTree = "<group>"; };
		A8FD1968187BFB42000BE555 /* hb-cache-private.hh */ = {isa = PBXFileReference; fileEncoding = 4; lastKnownFileType = sourcecode.cpp.h; name = "hb-cache-private.hh"; path = "../../../hb/hb-cache-private.hh"; sourceTree = "<group>"; };
		A8FD1969187BFB42000BE555 /* hb-common.cc */ = {isa = PBXFileReference; fileEncoding = 4; lastKnownFileType = sourcecode.cpp.cpp; name = "hb-common.cc"; path = "../../../hb/hb-common.cc"; sourceTree = "<group>"; };
		A8FD196A187BFB42000BE555 /* hb-common.h */ = {isa = PBXFileReference; fileEncoding = 4; lastKnownFileType = sourcecode.c.h; name = "hb-common.h"; path = "../../../hb/hb-common.h"; sourceTree = "<group>"; };
		A8FD196B187BFB42000BE555 /* hb-deprecated.h */ = {isa = PBXFileReference; fileEncoding = 4; lastKnownFileType = sourcecode.c.h; name = "hb-deprecated.h"; path = "../../../hb/hb-deprecated.h"; sourceTree = "<group>"; };
		A8FD196C187BFB42000BE555 /* hb-face-private.hh */ = {isa = PBXFileReference; fileEncoding = 4; lastKnownFileType = sourcecode.cpp.h; name = "hb-face-private.hh"; path = "../../../hb/hb-face-private.hh"; sourceTree = "<group>"; };
		A8FD196D187BFB42000BE555 /* hb-face.cc */ = {isa = PBXFileReference; fileEncoding = 4; lastKnownFileType = sourcecode.cpp.cpp; name = "hb-face.cc"; path = "../../../hb/hb-face.cc"; sourceTree = "<group>"; };
		A8FD196E187BFB42000BE555 /* hb-face.h */ = {isa = PBXFileReference; fileEncoding = 4; lastKnownFileType = sourcecode.c.h; name = "hb-face.h"; path = "../../../hb/hb-face.h"; sourceTree = "<group>"; };
		A8FD196F187BFB42000BE555 /* hb-fallback-shape.cc */ = {isa = PBXFileReference; fileEncoding = 4; lastKnownFileType = sourcecode.cpp.cpp; name = "hb-fallback-shape.cc"; path = "../../../hb/hb-fallback-shape.cc"; sourceTree = "<group>"; };
		A8FD1970187BFB42000BE555 /* hb-font-private.hh */ = {isa = PBXFileReference; fileEncoding = 4; lastKnownFileType = sourcecode.cpp.h; name = "hb-font-private.hh"; path = "../../../hb/hb-font-private.hh"; sourceTree = "<group>"; };
		A8FD1971187BFB42000BE555 /* hb-font.cc */ = {isa = PBXFileReference; fileEncoding = 4; lastKnownFileType = sourcecode.cpp.cpp; name = "hb-font.cc"; path = "../../../hb/hb-font.cc"; sourceTree = "<group>"; };
		A8FD1972187BFB42000BE555 /* hb-font.h */ = {isa = PBXFileReference; fileEncoding = 4; lastKnownFileType = sourcecode.c.h; name = "hb-font.h"; path = "../../../hb/hb-font.h"; sourceTree = "<group>"; };
		A8FD1973187BFB42000BE555 /* hb-ft.h */ = {isa = PBXFileReference; fileEncoding = 4; lastKnownFileType = sourcecode.c.h; name = "hb-ft.h"; path = "../../../hb/hb-ft.h"; sourceTree = "<group>"; };
		A8FD1974187BFB42000BE555 /* hb-mutex-private.hh */ = {isa = PBXFileReference; fileEncoding = 4; lastKnownFileType = sourcecode.cpp.h; name = "hb-mutex-private.hh"; path = "../../../hb/hb-mutex-private.hh"; sourceTree = "<group>"; };
		A8FD1975187BFB42000BE555 /* hb-object-private.hh */ = {isa = PBXFileReference; fileEncoding = 4; lastKnownFileType = sourcecode.cpp.h; name = "hb-object-private.hh"; path = "../../../hb/hb-object-private.hh"; sourceTree = "<group>"; };
		A8FD1976187BFB42000BE555 /* hb-open-file-private.hh */ = {isa = PBXFileReference; fileEncoding = 4; lastKnownFileType = sourcecode.cpp.h; name = "hb-open-file-private.hh"; path = "../../../hb/hb-open-file-private.hh"; sourceTree = "<group>"; };
		A8FD1977187BFB42000BE555 /* hb-open-type-private.hh */ = {isa = PBXFileReference; fileEncoding = 4; lastKnownFileType = sourcecode.cpp.h; name = "hb-open-type-private.hh"; path = "../../../hb/hb-open-type-private.hh"; sourceTree = "<group>"; };
		A8FD1978187BFB42000BE555 /* hb-ot-head-table.hh */ = {isa = PBXFileReference; fileEncoding = 4; lastKnownFileType = sourcecode.cpp.h; name = "hb-ot-head-table.hh"; path = "../../../hb/hb-ot-head-table.hh"; sourceTree = "<group>"; };
		A8FD1979187BFB42000BE555 /* hb-ot-hhea-table.hh */ = {isa = PBXFileReference; fileEncoding = 4; lastKnownFileType = sourcecode.cpp.h; name = "hb-ot-hhea-table.hh"; path = "../../../hb/hb-ot-hhea-table.hh"; sourceTree = "<group>"; };
		A8FD197A187BFB42000BE555 /* hb-ot-hmtx-table.hh */ = {isa = PBXFileReference; fileEncoding = 4; lastKnownFileType = sourcecode.cpp.h; name = "hb-ot-hmtx-table.hh"; path = "../../../hb/hb-ot-hmtx-table.hh"; sourceTree = "<group>"; };
		A8FD197B187BFB42000BE555 /* hb-ot-layout-common-private.hh */ = {isa = PBXFileReference; fileEncoding = 4; lastKnownFileType = sourcecode.cpp.h; name = "hb-ot-layout-common-private.hh"; path = "../../../hb/hb-ot-layout-common-private.hh"; sourceTree = "<group>"; };
		A8FD197C187BFB42000BE555 /* hb-ot-layout-gdef-table.hh */ = {isa = PBXFileReference; fileEncoding = 4; lastKnownFileType = sourcecode.cpp.h; name = "hb-ot-layout-gdef-table.hh"; path = "../../../hb/hb-ot-layout-gdef-table.hh"; sourceTree = "<group>"; };
		A8FD197D187BFB42000BE555 /* hb-ot-layout-gpos-table.hh */ = {isa = PBXFileReference; fileEncoding = 4; lastKnownFileType = sourcecode.cpp.h; name = "hb-ot-layout-gpos-table.hh"; path = "../../../hb/hb-ot-layout-gpos-table.hh"; sourceTree = "<group>"; };
		A8FD197E187BFB42000BE555 /* hb-ot-layout-gsub-table.hh */ = {isa = PBXFileReference; fileEncoding = 4; lastKnownFileType = sourcecode.cpp.h; name = "hb-ot-layout-gsub-table.hh"; path = "../../../hb/hb-ot-layout-gsub-table.hh"; sourceTree = "<group>"; };
		A8FD197F187BFB42000BE555 /* hb-ot-layout-gsubgpos-private.hh */ = {isa = PBXFileReference; fileEncoding = 4; lastKnownFileType = sourcecode.cpp.h; name = "hb-ot-layout-gsubgpos-private.hh"; path = "../../../hb/hb-ot-layout-gsubgpos-private.hh"; sourceTree = "<group>"; };
		A8FD1980187BFB42000BE555 /* hb-ot-layout-jstf-table.hh */ = {isa = PBXFileReference; fileEncoding = 4; lastKnownFileType = sourcecode.cpp.h; name = "hb-ot-layout-jstf-table.hh"; path = "../../../hb/hb-ot-layout-jstf-table.hh"; sourceTree = "<group>"; };
		A8FD1981187BFB42000BE555 /* hb-ot-layout-private.hh */ = {isa = PBXFileReference; fileEncoding = 4; lastKnownFileType = sourcecode.cpp.h; name = "hb-ot-layout-private.hh"; path = "../../../hb/hb-ot-layout-private.hh"; sourceTree = "<group>"; };
		A8FD1982187BFB42000BE555 /* hb-ot-layout.cc */ = {isa = PBXFileReference; fileEncoding = 4; lastKnownFileType = sourcecode.cpp.cpp; name = "hb-ot-layout.cc"; path = "../../../hb/hb-ot-layout.cc"; sourceTree = "<group>"; };
		A8FD1983187BFB42000BE555 /* hb-ot-layout.h */ = {isa = PBXFileReference; fileEncoding = 4; lastKnownFileType = sourcecode.c.h; name = "hb-ot-layout.h"; path = "../../../hb/hb-ot-layout.h"; sourceTree = "<group>"; };
		A8FD1984187BFB42000BE555 /* hb-ot-map-private.hh */ = {isa = PBXFileReference; fileEncoding = 4; lastKnownFileType = sourcecode.cpp.h; name = "hb-ot-map-private.hh"; path = "../../../hb/hb-ot-map-private.hh"; sourceTree = "<group>"; };
		A8FD1985187BFB42000BE555 /* hb-ot-map.cc */ = {isa = PBXFileReference; fileEncoding = 4; lastKnownFileType = sourcecode.cpp.cpp; name = "hb-ot-map.cc"; path = "../../../hb/hb-ot-map.cc"; sourceTree = "<group>"; };
		A8FD1986187BFB42000BE555 /* hb-ot-maxp-table.hh */ = {isa = PBXFileReference; fileEncoding = 4; lastKnownFileType = sourcecode.cpp.h; name = "hb-ot-maxp-table.hh"; path = "../../../hb/hb-ot-maxp-table.hh"; sourceTree = "<group>"; };
		A8FD1987187BFB42000BE555 /* hb-ot-name-table.hh */ = {isa = PBXFileReference; fileEncoding = 4; lastKnownFileType = sourcecode.cpp.h; name = "hb-ot-name-table.hh"; path = "../../../hb/hb-ot-name-table.hh"; sourceTree = "<group>"; };
		A8FD1988187BFB42000BE555 /* hb-ot-shape-complex-arabic-fallback.hh */ = {isa = PBXFileReference; fileEncoding = 4; lastKnownFileType = sourcecode.cpp.h; name = "hb-ot-shape-complex-arabic-fallback.hh"; path = "../../../hb/hb-ot-shape-complex-arabic-fallback.hh"; sourceTree = "<group>"; };
		A8FD1989187BFB42000BE555 /* hb-ot-shape-complex-arabic-table.hh */ = {isa = PBXFileReference; fileEncoding = 4; lastKnownFileType = sourcecode.cpp.h; name = "hb-ot-shape-complex-arabic-table.hh"; path = "../../../hb/hb-ot-shape-complex-arabic-table.hh"; sourceTree = "<group>"; };
		A8FD198A187BFB42000BE555 /* hb-ot-shape-complex-arabic.cc */ = {isa = PBXFileReference; fileEncoding = 4; lastKnownFileType = sourcecode.cpp.cpp; name = "hb-ot-shape-complex-arabic.cc"; path = "../../../hb/hb-ot-shape-complex-arabic.cc"; sourceTree = "<group>"; };
		A8FD198B187BFB42000BE555 /* hb-ot-shape-complex-default.cc */ = {isa = PBXFileReference; fileEncoding = 4; lastKnownFileType = sourcecode.cpp.cpp; name = "hb-ot-shape-complex-default.cc"; path = "../../../hb/hb-ot-shape-complex-default.cc"; sourceTree = "<group>"; };
		A8FD198C187BFB42000BE555 /* hb-ot-shape-complex-indic-machine.hh */ = {isa = PBXFileReference; fileEncoding = 4; lastKnownFileType = sourcecode.cpp.h; name = "hb-ot-shape-complex-indic-machine.hh"; path = "../../../hb/hb-ot-shape-complex-indic-machine.hh"; sourceTree = "<group>"; };
		A8FD198D187BFB42000BE555 /* hb-ot-shape-complex-indic-private.hh */ = {isa = PBXFileReference; fileEncoding = 4; lastKnownFileType = sourcecode.cpp.h; name = "hb-ot-shape-complex-indic-private.hh"; path = "../../../hb/hb-ot-shape-complex-indic-private.hh"; sourceTree = "<group>"; };
		A8FD198E187BFB42000BE555 /* hb-ot-shape-complex-indic-table.cc */ = {isa = PBXFileReference; fileEncoding = 4; lastKnownFileType = sourcecode.cpp.cpp; name = "hb-ot-shape-complex-indic-table.cc"; path = "../../../hb/hb-ot-shape-complex-indic-table.cc"; sourceTree = "<group>"; };
		A8FD198F187BFB42000BE555 /* hb-ot-shape-complex-indic.cc */ = {isa = PBXFileReference; fileEncoding = 4; lastKnownFileType = sourcecode.cpp.cpp; name = "hb-ot-shape-complex-indic.cc"; path = "../../../hb/hb-ot-shape-complex-indic.cc"; sourceTree = "<group>"; };
		A8FD1990187BFB42000BE555 /* hb-ot-shape-complex-myanmar-machine.hh */ = {isa = PBXFileReference; fileEncoding = 4; lastKnownFileType = sourcecode.cpp.h; name = "hb-ot-shape-complex-myanmar-machine.hh"; path = "../../../hb/hb-ot-shape-complex-myanmar-machine.hh"; sourceTree = "<group>"; };
		A8FD1991187BFB42000BE555 /* hb-ot-shape-complex-myanmar.cc */ = {isa = PBXFileReference; fileEncoding = 4; lastKnownFileType = sourcecode.cpp.cpp; name = "hb-ot-shape-complex-myanmar.cc"; path = "../../../hb/hb-ot-shape-complex-myanmar.cc"; sourceTree = "<group>"; };
		A8FD1992187BFB42000BE555 /* hb-ot-shape-complex-private.hh */ = {isa = PBXFileReference; fileEncoding = 4; lastKnownFileType = sourcecode.cpp.h; name = "hb-ot-shape-complex-private.hh"; path = "../../../hb/hb-ot-shape-complex-private.hh"; sourceTree = "<group>"; };
		A8FD1993187BFB42000BE555 /* hb-ot-shape-complex-sea-machine.hh */ = {isa = PBXFileReference; fileEncoding = 4; lastKnownFileType = sourcecode.cpp.h; name = "hb-ot-shape-complex-sea-machine.hh"; path = "../../../hb/hb-ot-shape-complex-sea-machine.hh"; sourceTree = "<group>"; };
		A8FD1994187BFB42000BE555 /* hb-ot-shape-complex-sea.cc */ = {isa = PBXFileReference; fileEncoding = 4; lastKnownFileType = sourcecode.cpp.cpp; name = "hb-ot-shape-complex-sea.cc"; path = "../../../hb/hb-ot-shape-complex-sea.cc"; sourceTree = "<group>"; };
		A8FD1995187BFB42000BE555 /* hb-ot-shape-complex-thai.cc */ = {isa = PBXFileReference; fileEncoding = 4; lastKnownFileType = sourcecode.cpp.cpp; name = "hb-ot-shape-complex-thai.cc"; path = "../../../hb/hb-ot-shape-complex-thai.cc"; sourceTree = "<group>"; };
		A8FD1996187BFB42000BE555 /* hb-ot-shape-fallback-private.hh */ = {isa = PBXFileReference; fileEncoding = 4; lastKnownFileType = sourcecode.cpp.h; name = "hb-ot-shape-fallback-private.hh"; path = "../../../hb/hb-ot-shape-fallback-private.hh"; sourceTree = "<group>"; };
		A8FD1997187BFB42000BE555 /* hb-ot-shape-fallback.cc */ = {isa = PBXFileReference; fileEncoding = 4; lastKnownFileType = sourcecode.cpp.cpp; name = "hb-ot-shape-fallback.cc"; path = "../../../hb/hb-ot-shape-fallback.cc"; sourceTree = "<group>"; };
		A8FD1998187BFB42000BE555 /* hb-ot-shape-normalize-private.hh */ = {isa = PBXFileReference; fileEncoding = 4; lastKnownFileType = sourcecode.cpp.h; name = "hb-ot-shape-normalize-private.hh"; path = "../../../hb/hb-ot-shape-normalize-private.hh"; sourceTree = "<group>"; };
		A8FD1999187BFB42000BE555 /* hb-ot-shape-normalize.cc */ = {isa = PBXFileReference; fileEncoding = 4; lastKnownFileType = sourcecode.cpp.cpp; name = "hb-ot-shape-normalize.cc"; path = "../../../hb/hb-ot-shape-normalize.cc"; sourceTree = "<group>"; };
		A8FD199A187BFB42000BE555 /* hb-ot-shape-private.hh */ = {isa = PBXFileReference; fileEncoding = 4; lastKnownFileType = sourcecode.cpp.h; name = "hb-ot-shape-private.hh"; path = "../../../hb/hb-ot-shape-private.hh"; sourceTree = "<group>"; };
		A8FD199B187BFB42000BE555 /* hb-ot-shape.cc */ = {isa = PBXFileReference; fileEncoding = 4; lastKnownFileType = sourcecode.cpp.cpp; name = "hb-ot-shape.cc"; path = "../../../hb/hb-ot-shape.cc"; sourceTree = "<group>"; };
		A8FD199C187BFB43000BE555 /* hb-ot-tag.cc */ = {isa = PBXFileReference; fileEncoding = 4; lastKnownFileType = sourcecode.cpp.cpp; name = "hb-ot-tag.cc"; path = "../../../hb/hb-ot-tag.cc"; sourceTree = "<group>"; };
		A8FD199D187BFB43000BE555 /* hb-ot-tag.h */ = {isa = PBXFileReference; fileEncoding = 4; lastKnownFileType = sourcecode.c.h; name = "hb-ot-tag.h"; path = "../../../hb/hb-ot-tag.h"; sourceTree = "<group>"; };
		A8FD199E187BFB43000BE555 /* hb-ot.h */ = {isa = PBXFileReference; fileEncoding = 4; lastKnownFileType = sourcecode.c.h; name = "hb-ot.h"; path = "../../../hb/hb-ot.h"; sourceTree = "<group>"; };
		A8FD199F187BFB43000BE555 /* hb-private.hh */ = {isa = PBXFileReference; fileEncoding = 4; lastKnownFileType = sourcecode.cpp.h; name = "hb-private.hh"; path = "../../../hb/hb-private.hh"; sourceTree = "<group>"; };
		A8FD19A0187BFB43000BE555 /* hb-set-private.hh */ = {isa = PBXFileReference; fileEncoding = 4; lastKnownFileType = sourcecode.cpp.h; name = "hb-set-private.hh"; path = "../../../hb/hb-set-private.hh"; sourceTree = "<group>"; };
/* End PBXFileReference section */

/* Begin PBXFrameworksBuildPhase section */
		8D11072E0486CEB800E47090 /* Frameworks */ = {
			isa = PBXFrameworksBuildPhase;
			buildActionMask = 2147483647;
			files = (
				8D11072F0486CEB800E47090 /* Cocoa.framework in Frameworks */,
				0091D8F90E81B9330029341E /* OpenGL.framework in Frameworks */,
				5323E6B20EAFCA74003A9687 /* CoreVideo.framework in Frameworks */,
				5323E6B60EAFCA7E003A9687 /* QTKit.framework in Frameworks */,
				00B784B30FF439BC000DE1D7 /* Accelerate.framework in Frameworks */,
				00B784B40FF439BC000DE1D7 /* AudioToolbox.framework in Frameworks */,
				00B784B50FF439BC000DE1D7 /* AudioUnit.framework in Frameworks */,
				00B784B60FF439BC000DE1D7 /* CoreAudio.framework in Frameworks */,
			);
			runOnlyForDeploymentPostprocessing = 0;
		};
/* End PBXFrameworksBuildPhase section */

/* Begin PBXGroup section */
		080E96DDFE201D6D7F000001 /* Source */ = {
			isa = PBXGroup;
			children = (
				A88E5A141884389F00E737F3 /* Sketch.h */,
				A88E5A131884389F00E737F3 /* Sketch.cpp */,
				A871F16F186116D9001D0F98 /* scrptrun.h */,
				A871F16E186116D9001D0F98 /* scrptrun.cpp */,
				A887CB17187C688D000B2DDB /* LanguageHelper.h */,
				A887CB18187C688D000B2DDB /* LanguageHelper.cpp */,
				A8BCDEBF187CB71600A7FCB8 /* TextRun.h */,
				A8BCDEC0187D68DE00A7FCB8 /* TextLine.h */,
				A8BCDEC5187D72DB00A7FCB8 /* TextItemizer.h */,
				A8BCDEC4187D72DB00A7FCB8 /* TextItemizer.cpp */,
				A8B2BBEA1882C65E0053DC36 /* LayoutCache.h */,
				A8B2BBE91882C65E0053DC36 /* LayoutCache.cpp */,
				A8BCDEC8187D851F00A7FCB8 /* Rendering */,
			);
			name = Source;
			sourceTree = "<group>";
		};
		1058C7A0FEA54F0111CA2CBB /* Linked Frameworks */ = {
			isa = PBXGroup;
			children = (
				00B784AF0FF439BC000DE1D7 /* Accelerate.framework */,
				00B784B00FF439BC000DE1D7 /* AudioToolbox.framework */,
				00B784B10FF439BC000DE1D7 /* AudioUnit.framework */,
				00B784B20FF439BC000DE1D7 /* CoreAudio.framework */,
				5323E6B50EAFCA7E003A9687 /* QTKit.framework */,
				5323E6B10EAFCA74003A9687 /* CoreVideo.framework */,
				0091D8F80E81B9330029341E /* OpenGL.framework */,
				1058C7A1FEA54F0111CA2CBB /* Cocoa.framework */,
			);
			name = "Linked Frameworks";
			sourceTree = "<group>";
		};
		1058C7A2FEA54F0111CA2CBB /* Other Frameworks */ = {
			isa = PBXGroup;
			children = (
				29B97324FDCFA39411CA2CEA /* AppKit.framework */,
				29B97325FDCFA39411CA2CEA /* Foundation.framework */,
			);
			name = "Other Frameworks";
			sourceTree = "<group>";
		};
		19C28FACFE9D520D11CA2CBB /* Products */ = {
			isa = PBXGroup;
			children = (
				8D1107320486CEB800E47090 /* VirtualFont.app */,
			);
			name = Products;
			sourceTree = "<group>";
		};
		29B97314FDCFA39411CA2CEA /* Rendering */ = {
			isa = PBXGroup;
			children = (
				A88E58F318842D0D00E737F3 /* chronotext */,
				A8FD194B187BFB21000BE555 /* hb */,
				080E96DDFE201D6D7F000001 /* Source */,
				29B97317FDCFA39411CA2CEA /* Resources */,
				A809523816F35FD10011FAA3 /* OSX */,
				29B97323FDCFA39411CA2CEA /* Frameworks */,
				19C28FACFE9D520D11CA2CBB /* Products */,
			);
			name = Rendering;
			sourceTree = "<group>";
		};
		29B97317FDCFA39411CA2CEA /* Resources */ = {
			isa = PBXGroup;
			children = (
				A8363B9318876C5A0015C5FF /* Fonts.xml */,
				A8BCDEDD187D86EF00A7FCB8 /* sans-serif_osx.xml */,
				A8BCDEDE187D86EF00A7FCB8 /* sans-serif.xml */,
				A8BCDEDF187D86EF00A7FCB8 /* Text.xml */,
			);
			name = Resources;
			sourceTree = "<group>";
		};
		29B97323FDCFA39411CA2CEA /* Frameworks */ = {
			isa = PBXGroup;
			children = (
				1058C7A0FEA54F0111CA2CBB /* Linked Frameworks */,
				1058C7A2FEA54F0111CA2CBB /* Other Frameworks */,
			);
			name = Frameworks;
			sourceTree = "<group>";
		};
		A809523816F35FD10011FAA3 /* OSX */ = {
			isa = PBXGroup;
			children = (
				A88E5BAF188449B300E737F3 /* Classes */,
				A809523916F360660011FAA3 /* Resources */,
				530D8ED2F6EB414F805B7B9E /* Prefix.pch */,
				434A86CFEA544FFA9D66F749 /* Info.plist */,
			);
			name = OSX;
			sourceTree = "<group>";
		};
		A809523916F360660011FAA3 /* Resources */ = {
			isa = PBXGroup;
			children = (
				A809523A16F360660011FAA3 /* icon.icns */,
			);
			path = Resources;
			sourceTree = "<group>";
		};
		A88E58F318842D0D00E737F3 /* chronotext */ = {
			isa = PBXGroup;
			children = (
				A88E590218842D0D00E737F3 /* cinder */,
				A88E591118842D0D00E737F3 /* FileSystem.cpp */,
				A88E591218842D0D00E737F3 /* FileSystem.h */,
				A88E593C18842D0D00E737F3 /* InputSource.cpp */,
				A88E593D18842D0D00E737F3 /* InputSource.h */,
				A88E594D18842D0D00E737F3 /* os */,
				A88E599518842D0D00E737F3 /* utils */,
			);
			name = chronotext;
			path = "../../../../../blocks/new-chronotext-toolkit/src/chronotext";
			sourceTree = "<group>";
		};
		A88E590218842D0D00E737F3 /* cinder */ = {
			isa = PBXGroup;
			children = (
				A88E590318842D0D00E737F3 /* CinderApp.cpp */,
				A88E590418842D0D00E737F3 /* CinderApp.h */,
				A88E590518842D0D00E737F3 /* CinderSketch.h */,
				A88E590618842D0D00E737F3 /* CinderSketchBase.h */,
				A88E590718842D0D00E737F3 /* CinderSketchSimple.cpp */,
				A88E590818842D0D00E737F3 /* CinderSketchSimple.h */,
			);
			path = cinder;
			sourceTree = "<group>";
		};
		A88E594D18842D0D00E737F3 /* os */ = {
			isa = PBXGroup;
			children = (
				A88E594E18842D0D00E737F3 /* Handler.cpp */,
				A88E594F18842D0D00E737F3 /* Handler.h */,
				A88E595018842D0D00E737F3 /* Message.h */,
				A88E595118842D0D00E737F3 /* SubHandler.h */,
				A88E595218842D0D00E737F3 /* SuperHandler.cpp */,
				A88E595318842D0D00E737F3 /* SuperHandler.h */,
			);
			path = os;
			sourceTree = "<group>";
		};
		A88E599518842D0D00E737F3 /* utils */ = {
			isa = PBXGroup;
			children = (
				A88E599918842D0D00E737F3 /* GLUtils.cpp */,
				A88E599A18842D0D00E737F3 /* GLUtils.h */,
				A88E599B18842D0D00E737F3 /* Hasher.h */,
				A88E599C18842D0D00E737F3 /* MathUtils.cpp */,
				A88E599D18842D0D00E737F3 /* MathUtils.h */,
				A88E59A218842D0D00E737F3 /* Timing.h */,
				A88E59A318842D0D00E737F3 /* Utils.cpp */,
				A88E59A418842D0D00E737F3 /* Utils.h */,
			);
			path = utils;
			sourceTree = "<group>";
		};
		A88E5BAF188449B300E737F3 /* Classes */ = {
			isa = PBXGroup;
			children = (
				A88E5BB0188449B300E737F3 /* Application.cpp */,
			);
			path = Classes;
			sourceTree = "<group>";
		};
		A8BCDEC8187D851F00A7FCB8 /* Rendering */ = {
			isa = PBXGroup;
			children = (
				A8BCDED5187D857900A7FCB8 /* FreetypeHelper.h */,
				A8BCDED4187D857900A7FCB8 /* FreetypeHelper.cpp */,
				A8BCDECF187D857900A7FCB8 /* FontManager.h */,
				A8BCDECE187D857900A7FCB8 /* FontManager.cpp */,
				A8BCDECC187D857900A7FCB8 /* ActualFont.h */,
				A8BCDECB187D857900A7FCB8 /* ActualFont.cpp */,
				A8BCDECA187D857900A7FCB8 /* VirtualFont.h */,
				A8BCDEC9187D857900A7FCB8 /* VirtualFont.cpp */,
				A8BCDED6187D857900A7FCB8 /* LineLayout.h */,
				A8BCDECD187D857900A7FCB8 /* GlyphData.h */,
				A8BCDED3187D857900A7FCB8 /* ReloadableTexture.h */,
				A8BCDED2187D857900A7FCB8 /* ReloadableTexture.cpp */,
			);
			name = Rendering;
			sourceTree = "<group>";
		};
		A8FD194B187BFB21000BE555 /* hb */ = {
			isa = PBXGroup;
			children = (
				A8FD194C187BFB42000BE555 /* hb-ft.cc */,
				A8FD194D187BFB42000BE555 /* hb-set.cc */,
				A8FD194E187BFB42000BE555 /* hb-set.h */,
				A8FD194F187BFB42000BE555 /* hb-shape-plan-private.hh */,
				A8FD1950187BFB42000BE555 /* hb-shape-plan.cc */,
				A8FD1951187BFB42000BE555 /* hb-shape-plan.h */,
				A8FD1952187BFB42000BE555 /* hb-shape.cc */,
				A8FD1953187BFB42000BE555 /* hb-shape.h */,
				A8FD1954187BFB42000BE555 /* hb-shaper-impl-private.hh */,
				A8FD1955187BFB42000BE555 /* hb-shaper-list.hh */,
				A8FD1956187BFB42000BE555 /* hb-shaper-private.hh */,
				A8FD1957187BFB42000BE555 /* hb-shaper.cc */,
				A8FD1958187BFB42000BE555 /* hb-ucdn.cc */,
				A8FD1959187BFB42000BE555 /* hb-unicode-private.hh */,
				A8FD195A187BFB42000BE555 /* hb-unicode.cc */,
				A8FD195B187BFB42000BE555 /* hb-unicode.h */,
				A8FD195C187BFB42000BE555 /* hb-utf-private.hh */,
				A8FD195D187BFB42000BE555 /* hb-version.h */,
				A8FD195E187BFB42000BE555 /* hb.h */,
				A8FD195F187BFB42000BE555 /* ucdn.c */,
				A8FD1960187BFB42000BE555 /* ucdn.h */,
				A8FD1961187BFB42000BE555 /* unicodedata_db.h */,
				A8FD1962187BFB42000BE555 /* hb-atomic-private.hh */,
				A8FD1963187BFB42000BE555 /* hb-blob.cc */,
				A8FD1964187BFB42000BE555 /* hb-blob.h */,
				A8FD1965187BFB42000BE555 /* hb-buffer-private.hh */,
				A8FD1966187BFB42000BE555 /* hb-buffer.cc */,
				A8FD1967187BFB42000BE555 /* hb-buffer.h */,
				A8FD1968187BFB42000BE555 /* hb-cache-private.hh */,
				A8FD1969187BFB42000BE555 /* hb-common.cc */,
				A8FD196A187BFB42000BE555 /* hb-common.h */,
				A8FD196B187BFB42000BE555 /* hb-deprecated.h */,
				A8FD196C187BFB42000BE555 /* hb-face-private.hh */,
				A8FD196D187BFB42000BE555 /* hb-face.cc */,
				A8FD196E187BFB42000BE555 /* hb-face.h */,
				A8FD196F187BFB42000BE555 /* hb-fallback-shape.cc */,
				A8FD1970187BFB42000BE555 /* hb-font-private.hh */,
				A8FD1971187BFB42000BE555 /* hb-font.cc */,
				A8FD1972187BFB42000BE555 /* hb-font.h */,
				A8FD1973187BFB42000BE555 /* hb-ft.h */,
				A8FD1974187BFB42000BE555 /* hb-mutex-private.hh */,
				A8FD1975187BFB42000BE555 /* hb-object-private.hh */,
				A8FD1976187BFB42000BE555 /* hb-open-file-private.hh */,
				A8FD1977187BFB42000BE555 /* hb-open-type-private.hh */,
				A8FD1978187BFB42000BE555 /* hb-ot-head-table.hh */,
				A8FD1979187BFB42000BE555 /* hb-ot-hhea-table.hh */,
				A8FD197A187BFB42000BE555 /* hb-ot-hmtx-table.hh */,
				A8FD197B187BFB42000BE555 /* hb-ot-layout-common-private.hh */,
				A8FD197C187BFB42000BE555 /* hb-ot-layout-gdef-table.hh */,
				A8FD197D187BFB42000BE555 /* hb-ot-layout-gpos-table.hh */,
				A8FD197E187BFB42000BE555 /* hb-ot-layout-gsub-table.hh */,
				A8FD197F187BFB42000BE555 /* hb-ot-layout-gsubgpos-private.hh */,
				A8FD1980187BFB42000BE555 /* hb-ot-layout-jstf-table.hh */,
				A8FD1981187BFB42000BE555 /* hb-ot-layout-private.hh */,
				A8FD1982187BFB42000BE555 /* hb-ot-layout.cc */,
				A8FD1983187BFB42000BE555 /* hb-ot-layout.h */,
				A8FD1984187BFB42000BE555 /* hb-ot-map-private.hh */,
				A8FD1985187BFB42000BE555 /* hb-ot-map.cc */,
				A8FD1986187BFB42000BE555 /* hb-ot-maxp-table.hh */,
				A8FD1987187BFB42000BE555 /* hb-ot-name-table.hh */,
				A8FD1988187BFB42000BE555 /* hb-ot-shape-complex-arabic-fallback.hh */,
				A8FD1989187BFB42000BE555 /* hb-ot-shape-complex-arabic-table.hh */,
				A8FD198A187BFB42000BE555 /* hb-ot-shape-complex-arabic.cc */,
				A8FD198B187BFB42000BE555 /* hb-ot-shape-complex-default.cc */,
				A8FD198C187BFB42000BE555 /* hb-ot-shape-complex-indic-machine.hh */,
				A8FD198D187BFB42000BE555 /* hb-ot-shape-complex-indic-private.hh */,
				A8FD198E187BFB42000BE555 /* hb-ot-shape-complex-indic-table.cc */,
				A8FD198F187BFB42000BE555 /* hb-ot-shape-complex-indic.cc */,
				A8FD1990187BFB42000BE555 /* hb-ot-shape-complex-myanmar-machine.hh */,
				A8FD1991187BFB42000BE555 /* hb-ot-shape-complex-myanmar.cc */,
				A8FD1992187BFB42000BE555 /* hb-ot-shape-complex-private.hh */,
				A8FD1993187BFB42000BE555 /* hb-ot-shape-complex-sea-machine.hh */,
				A8FD1994187BFB42000BE555 /* hb-ot-shape-complex-sea.cc */,
				A8FD1995187BFB42000BE555 /* hb-ot-shape-complex-thai.cc */,
				A8FD1996187BFB42000BE555 /* hb-ot-shape-fallback-private.hh */,
				A8FD1997187BFB42000BE555 /* hb-ot-shape-fallback.cc */,
				A8FD1998187BFB42000BE555 /* hb-ot-shape-normalize-private.hh */,
				A8FD1999187BFB42000BE555 /* hb-ot-shape-normalize.cc */,
				A8FD199A187BFB42000BE555 /* hb-ot-shape-private.hh */,
				A8FD199B187BFB42000BE555 /* hb-ot-shape.cc */,
				A8FD199C187BFB43000BE555 /* hb-ot-tag.cc */,
				A8FD199D187BFB43000BE555 /* hb-ot-tag.h */,
				A8FD199E187BFB43000BE555 /* hb-ot.h */,
				A8FD199F187BFB43000BE555 /* hb-private.hh */,
				A8FD19A0187BFB43000BE555 /* hb-set-private.hh */,
			);
			name = hb;
			sourceTree = "<group>";
		};
/* End PBXGroup section */

/* Begin PBXNativeTarget section */
		8D1107260486CEB800E47090 /* VirtualFont */ = {
			isa = PBXNativeTarget;
			buildConfigurationList = C01FCF4A08A954540054247B /* Build configuration list for PBXNativeTarget "VirtualFont" */;
			buildPhases = (
				8D1107290486CEB800E47090 /* Resources */,
				8D11072C0486CEB800E47090 /* Sources */,
				8D11072E0486CEB800E47090 /* Frameworks */,
			);
			buildRules = (
			);
			dependencies = (
			);
			name = VirtualFont;
			productInstallPath = "$(HOME)/Applications";
			productName = VirtualFont;
			productReference = 8D1107320486CEB800E47090 /* VirtualFont.app */;
			productType = "com.apple.product-type.application";
		};
/* End PBXNativeTarget section */

/* Begin PBXProject section */
		29B97313FDCFA39411CA2CEA /* Project object */ = {
			isa = PBXProject;
			attributes = {
			};
			buildConfigurationList = C01FCF4E08A954540054247B /* Build configuration list for PBXProject "VirtualFont" */;
			compatibilityVersion = "Xcode 3.2";
			developmentRegion = English;
			hasScannedForEncodings = 1;
			knownRegions = (
				English,
				Japanese,
				French,
				German,
			);
			mainGroup = 29B97314FDCFA39411CA2CEA /* Rendering */;
			projectDirPath = "";
			projectRoot = "";
			targets = (
				8D1107260486CEB800E47090 /* VirtualFont */,
			);
		};
/* End PBXProject section */

/* Begin PBXResourcesBuildPhase section */
		8D1107290486CEB800E47090 /* Resources */ = {
			isa = PBXResourcesBuildPhase;
			buildActionMask = 2147483647;
			files = (
				A8BCDEE2187D86EF00A7FCB8 /* Text.xml in Resources */,
				A809523B16F360660011FAA3 /* icon.icns in Resources */,
				A8BCDEE0187D86EF00A7FCB8 /* sans-serif_osx.xml in Resources */,
				A8363B9418876C5A0015C5FF /* Fonts.xml in Resources */,
				A8BCDEE1187D86EF00A7FCB8 /* sans-serif.xml in Resources */,
			);
			runOnlyForDeploymentPostprocessing = 0;
		};
/* End PBXResourcesBuildPhase section */

/* Begin PBXSourcesBuildPhase section */
		8D11072C0486CEB800E47090 /* Sources */ = {
			isa = PBXSourcesBuildPhase;
			buildActionMask = 2147483647;
			files = (
				A88E5BB1188449B300E737F3 /* Application.cpp in Sources */,
				A8B2BBEB1882C65E0053DC36 /* LayoutCache.cpp in Sources */,
				A8FD19A4187BFB43000BE555 /* hb-shape.cc in Sources */,
				A8FD19B4187BFB43000BE555 /* hb-ot-shape-complex-indic.cc in Sources */,
				A8FD19AC187BFB43000BE555 /* hb-face.cc in Sources */,
				A88E59CE18842D0D00E737F3 /* CinderApp.cpp in Sources */,
				A8BCDED8187D857900A7FCB8 /* ActualFont.cpp in Sources */,
				A8FD19AD187BFB43000BE555 /* hb-fallback-shape.cc in Sources */,
				A8FD19B8187BFB43000BE555 /* hb-ot-shape-fallback.cc in Sources */,
				A8FD19A9187BFB43000BE555 /* hb-blob.cc in Sources */,
				A8FD19B1187BFB43000BE555 /* hb-ot-shape-complex-arabic.cc in Sources */,
				A8FD19A2187BFB43000BE555 /* hb-set.cc in Sources */,
				A8FD19AB187BFB43000BE555 /* hb-common.cc in Sources */,
				A88E5A151884389F00E737F3 /* Sketch.cpp in Sources */,
				A8BCDEC6187D72DB00A7FCB8 /* TextItemizer.cpp in Sources */,
				A88E59D318842D0D00E737F3 /* FileSystem.cpp in Sources */,
				A8FD19A1187BFB43000BE555 /* hb-ft.cc in Sources */,
				A8FD19B6187BFB43000BE555 /* hb-ot-shape-complex-sea.cc in Sources */,
				A8FD19A7187BFB43000BE555 /* hb-unicode.cc in Sources */,
				A8FD19AA187BFB43000BE555 /* hb-buffer.cc in Sources */,
				A88E5A0818842D0D00E737F3 /* Utils.cpp in Sources */,
				A8FD19A3187BFB43000BE555 /* hb-shape-plan.cc in Sources */,
				A8FD19BA187BFB43000BE555 /* hb-ot-shape.cc in Sources */,
				A8FD19B5187BFB43000BE555 /* hb-ot-shape-complex-myanmar.cc in Sources */,
				A8FD19A8187BFB43000BE555 /* ucdn.c in Sources */,
				A871F170186116D9001D0F98 /* scrptrun.cpp in Sources */,
				A8FD19A5187BFB43000BE555 /* hb-shaper.cc in Sources */,
				A88E59E618842D0D00E737F3 /* InputSource.cpp in Sources */,
				A88E59ED18842D0D00E737F3 /* SuperHandler.cpp in Sources */,
				A8FD19AE187BFB43000BE555 /* hb-font.cc in Sources */,
				A8FD19B3187BFB43000BE555 /* hb-ot-shape-complex-indic-table.cc in Sources */,
				A8FD19B0187BFB43000BE555 /* hb-ot-map.cc in Sources */,
				A8FD19AF187BFB43000BE555 /* hb-ot-layout.cc in Sources */,
				A8BCDEDC187D857900A7FCB8 /* FreetypeHelper.cpp in Sources */,
				A88E5A0618842D0D00E737F3 /* GLUtils.cpp in Sources */,
				A88E5A0718842D0D00E737F3 /* MathUtils.cpp in Sources */,
				A8BCDEDB187D857900A7FCB8 /* ReloadableTexture.cpp in Sources */,
				A8BCDED9187D857900A7FCB8 /* FontManager.cpp in Sources */,
				A88E59CF18842D0D00E737F3 /* CinderSketchSimple.cpp in Sources */,
				A8FD19B7187BFB43000BE555 /* hb-ot-shape-complex-thai.cc in Sources */,
				A8FD19BB187BFB43000BE555 /* hb-ot-tag.cc in Sources */,
				A8FD19B2187BFB43000BE555 /* hb-ot-shape-complex-default.cc in Sources */,
				A887CB19187C688D000B2DDB /* LanguageHelper.cpp in Sources */,
				A8BCDED7187D857900A7FCB8 /* VirtualFont.cpp in Sources */,
				A88E59EC18842D0D00E737F3 /* Handler.cpp in Sources */,
				A8FD19B9187BFB43000BE555 /* hb-ot-shape-normalize.cc in Sources */,
				A8FD19A6187BFB43000BE555 /* hb-ucdn.cc in Sources */,
			);
			runOnlyForDeploymentPostprocessing = 0;
		};
/* End PBXSourcesBuildPhase section */

/* Begin XCBuildConfiguration section */
		C01FCF4B08A954540054247B /* Debug */ = {
			isa = XCBuildConfiguration;
			buildSettings = {
				CINDER_PATH = ../../../../..;
				COMBINE_HIDPI_IMAGES = YES;
				COPY_PHASE_STRIP = NO;
				DEAD_CODE_STRIPPING = YES;
				GCC_DYNAMIC_NO_PIC = NO;
				GCC_INLINES_ARE_PRIVATE_EXTERN = YES;
				GCC_OPTIMIZATION_LEVEL = 0;
				GCC_PRECOMPILE_PREFIX_HEADER = YES;
				GCC_PREFIX_HEADER = Prefix.pch;
				GCC_PREPROCESSOR_DEFINITIONS = (
					"DEBUG=1",
					"$(inherited)",
				);
				GCC_SYMBOLS_PRIVATE_EXTERN = NO;
				INFOPLIST_FILE = Info.plist;
				INSTALL_PATH = "$(HOME)/Applications";
				OTHER_LDFLAGS = (
					"\"$(CINDER_PATH)/lib/libcinder_d.a\"",
					"\"$(CINDER_PATH)/blocks/Freetype/lib/osx/libfreetype.a\"",
					"\"$(CINDER_PATH)/blocks/hb-icu/lib/osx/libicu-common.a\"",
				);
				PRODUCT_NAME = VirtualFont;
				SYMROOT = ./build;
				WRAPPER_EXTENSION = app;
			};
			name = Debug;
		};
		C01FCF4C08A954540054247B /* Release */ = {
			isa = XCBuildConfiguration;
			buildSettings = {
				CINDER_PATH = ../../../../..;
				COMBINE_HIDPI_IMAGES = YES;
				DEAD_CODE_STRIPPING = YES;
				DEBUG_INFORMATION_FORMAT = "dwarf-with-dsym";
				GCC_FAST_MATH = YES;
				GCC_GENERATE_DEBUGGING_SYMBOLS = NO;
				GCC_INLINES_ARE_PRIVATE_EXTERN = YES;
				GCC_OPTIMIZATION_LEVEL = 3;
				GCC_PRECOMPILE_PREFIX_HEADER = YES;
				GCC_PREFIX_HEADER = Prefix.pch;
				GCC_SYMBOLS_PRIVATE_EXTERN = NO;
				INFOPLIST_FILE = Info.plist;
				INSTALL_PATH = "$(HOME)/Applications";
				OTHER_LDFLAGS = (
					"\"$(CINDER_PATH)/lib/libcinder.a\"",
					"\"$(CINDER_PATH)/blocks/Freetype/lib/osx/libfreetype.a\"",
					"\"$(CINDER_PATH)/blocks/hb-icu/lib/osx/libicu-common.a\"",
				);
				PRODUCT_NAME = VirtualFont;
				STRIP_INSTALLED_PRODUCT = YES;
				SYMROOT = ./build;
				WRAPPER_EXTENSION = app;
			};
			name = Release;
		};
		C01FCF4F08A954540054247B /* Debug */ = {
			isa = XCBuildConfiguration;
			buildSettings = {
				ALWAYS_SEARCH_USER_PATHS = YES;
				ARCHS = i386;
				CINDER_PATH = ../../../../..;
				CLANG_CXX_LANGUAGE_STANDARD = "c++0x";
				CLANG_CXX_LIBRARY = "libc++";
				GCC_WARN_ABOUT_RETURN_TYPE = YES;
				GCC_WARN_UNUSED_VARIABLE = YES;
				HEADER_SEARCH_PATHS = (
					"\"$(CINDER_PATH)/boost\"",
					"\"$(CINDER_PATH)/blocks/Freetype/include\"",
					"\"$(CINDER_PATH)/blocks/hb-icu/include/icu/common\"",
					../../../hb,
				);
				MACOSX_DEPLOYMENT_TARGET = 10.7;
				SDKROOT = macosx;
				USER_HEADER_SEARCH_PATHS = "../include \"$(CINDER_PATH)/include\" \"$(CINDER_PATH)/blocks/new-chronotext-toolkit/src\"";
			};
			name = Debug;
		};
		C01FCF5008A954540054247B /* Release */ = {
			isa = XCBuildConfiguration;
			buildSettings = {
				ALWAYS_SEARCH_USER_PATHS = YES;
				ARCHS = i386;
				CINDER_PATH = ../../../../..;
				CLANG_CXX_LANGUAGE_STANDARD = "c++0x";
				CLANG_CXX_LIBRARY = "libc++";
				GCC_WARN_ABOUT_RETURN_TYPE = YES;
				GCC_WARN_UNUSED_VARIABLE = YES;
				HEADER_SEARCH_PATHS = (
					"\"$(CINDER_PATH)/boost\"",
					"\"$(CINDER_PATH)/blocks/Freetype/include\"",
					"\"$(CINDER_PATH)/blocks/hb-icu/include/icu/common\"",
					../../../hb,
				);
				MACOSX_DEPLOYMENT_TARGET = 10.7;
				SDKROOT = macosx;
				USER_HEADER_SEARCH_PATHS = "../include \"$(CINDER_PATH)/include\" \"$(CINDER_PATH)/blocks/new-chronotext-toolkit/src\"";
			};
			name = Release;
		};
/* End XCBuildConfiguration section */

/* Begin XCConfigurationList section */
		C01FCF4A08A954540054247B /* Build configuration list for PBXNativeTarget "VirtualFont" */ = {
			isa = XCConfigurationList;
			buildConfigurations = (
				C01FCF4B08A954540054247B /* Debug */,
				C01FCF4C08A954540054247B /* Release */,
			);
			defaultConfigurationIsVisible = 0;
			defaultConfigurationName = Release;
		};
		C01FCF4E08A954540054247B /* Build configuration list for PBXProject "VirtualFont" */ = {
			isa = XCConfigurationList;
			buildConfigurations = (
				C01FCF4F08A954540054247B /* Debug */,
				C01FCF5008A954540054247B /* Release */,
			);
			defaultConfigurationIsVisible = 0;
			defaultConfigurationName = Release;
		};
/* End XCConfigurationList section */
	};
	rootObject = 29B97313FDCFA39411CA2CEA /* Project object */;
}
